{
  "version": 4,
  "terraform_version": "1.12.2",
  "serial": 321,
  "lineage": "177b8300-ffa0-0ad3-8f6b-b1ebeb45af94",
  "outputs": {
    "bastion_public_ip": {
      "value": "3.219.41.214",
      "type": "string"
    },
    "jenkins_public_ip": {
      "value": "44.199.255.60",
      "type": "string"
    },
    "master_private_ip": {
      "value": "192.168.20.122",
      "type": "string"
    },
    "worker1_private_ip": {
      "value": "192.168.20.31",
      "type": "string"
    },
    "worker2_private_ip": {
      "value": "192.168.20.55",
      "type": "string"
    }
  },
  "resources": [
    {
      "mode": "managed",
      "type": "local_file",
      "name": "ansible_inventory",
      "provider": "provider[\"registry.terraform.io/hashicorp/local\"]",
      "instances": [
        {
          "schema_version": 0,
          "attributes": {
            "content": "[masters]\nmaster ansible_host=192.168.20.122 new_hostname=master\n\n[workers]\nworker1 ansible_host=192.168.20.31 new_hostname=worker1\nworker2 ansible_host=192.168.20.55 new_hostname=worker2\n\n[k8s:children]\nmasters\nworkers\n\n[k8s:vars]\nansible_user=ubuntu\nansible_ssh_private_key_file=../terraform/bastion-key.pem\nansible_ssh_common_args='-o ProxyCommand=\"ssh -W %h:%p -q ubuntu@3.219.41.214 -i ../terraform/bastion-key.pem -o StrictHostKeyChecking=no\"'\n",
            "content_base64": null,
            "content_base64sha256": "LRlEuu92c11CsLN/SSmlvS+2l+NTcSDeQj7uZ4TkSoE=",
            "content_base64sha512": "KzYHO/zmA5CaZVXtEjhW89Gsd1Lj5fmaHe5NpNaAj5RHiIH+P8+Q5lC4r4DortfBld4nciAkGFjUvcEVO19J8g==",
            "content_md5": "d4dfa8cf9784899c4a0d6b4bf1ea22a0",
            "content_sha1": "ad4559873a036cb286a9f65362221712845e1258",
            "content_sha256": "2d1944baef76735d42b0b37f4929a5bd2fb697e3537120de423eee6784e44a81",
            "content_sha512": "2b36073bfce603909a6555ed123856f3d1ac7752e3e5f99a1dee4da4d6808f94478881fe3fcf90e650b8af80e8aed7c195de277220241858d4bdc1153b5f49f2",
            "directory_permission": "0777",
            "file_permission": "0777",
            "filename": "./../ansible/inventory/hosts",
            "id": "ad4559873a036cb286a9f65362221712845e1258",
            "sensitive_content": null,
            "source": null
          },
          "sensitive_attributes": [
            [
              {
                "type": "get_attr",
                "value": "sensitive_content"
              }
            ]
          ],
          "identity_schema_version": 0,
          "dependencies": [
            "module.iam.aws_iam_instance_profile.k8s_nodes_profile",
            "module.iam.aws_iam_role.k8s_nodes_role",
            "module.instances.aws_instance.bastion",
            "module.instances.aws_instance.master",
            "module.instances.aws_instance.worker",
            "module.instances.aws_key_pair.bastion_key",
            "module.instances.tls_private_key.bastion_key",
            "module.security_groups.aws_security_group.bastion-sg",
            "module.security_groups.aws_security_group.master",
            "module.security_groups.aws_security_group.workers",
            "module.subnets.aws_subnet.private",
            "module.subnets.aws_subnet.public",
            "module.vpc.aws_vpc.k8s_vpc"
          ]
        }
      ]
    },
    {
      "module": "module.ECR",
      "mode": "managed",
      "type": "aws_ecrpublic_repository",
      "name": "vp-app-db",
      "provider": "provider[\"registry.terraform.io/hashicorp/aws\"]",
      "instances": [
        {
          "schema_version": 0,
          "attributes": {
            "arn": "arn:aws:ecr-public::808407022124:repository/vp-app-db",
            "catalog_data": [
              {
                "about_text": null,
                "architectures": null,
                "description": null,
                "logo_image_blob": null,
                "operating_systems": null,
                "usage_text": null
              }
            ],
            "force_destroy": false,
            "id": "vp-app-db",
            "region": "us-east-1",
            "registry_id": "808407022124",
            "repository_name": "vp-app-db",
            "repository_uri": "public.ecr.aws/b0w0w8l4/vp-app-db",
            "tags": {},
            "tags_all": {},
            "timeouts": null
          },
          "sensitive_attributes": [],
          "identity_schema_version": 0,
          "private": "eyJlMmJmYjczMC1lY2FhLTExZTYtOGY4OC0zNDM2M2JjN2M0YzAiOnsiZGVsZXRlIjoxMjAwMDAwMDAwMDAwfSwic2NoZW1hX3ZlcnNpb24iOiIwIn0="
        }
      ]
    },
    {
      "module": "module.ECR",
      "mode": "managed",
      "type": "aws_ecrpublic_repository",
      "name": "vp-app-nginx",
      "provider": "provider[\"registry.terraform.io/hashicorp/aws\"]",
      "instances": [
        {
          "schema_version": 0,
          "attributes": {
            "arn": "arn:aws:ecr-public::808407022124:repository/vp-app-nginx",
            "catalog_data": [
              {
                "about_text": null,
                "architectures": null,
                "description": null,
                "logo_image_blob": null,
                "operating_systems": null,
                "usage_text": null
              }
            ],
            "force_destroy": false,
            "id": "vp-app-nginx",
            "region": "us-east-1",
            "registry_id": "808407022124",
            "repository_name": "vp-app-nginx",
            "repository_uri": "public.ecr.aws/b0w0w8l4/vp-app-nginx",
            "tags": {},
            "tags_all": {},
            "timeouts": null
          },
          "sensitive_attributes": [],
          "identity_schema_version": 0,
          "private": "eyJlMmJmYjczMC1lY2FhLTExZTYtOGY4OC0zNDM2M2JjN2M0YzAiOnsiZGVsZXRlIjoxMjAwMDAwMDAwMDAwfX0="
        }
      ]
    },
    {
      "module": "module.ECR",
      "mode": "managed",
      "type": "aws_ecrpublic_repository",
      "name": "vp-app-tomcat",
      "provider": "provider[\"registry.terraform.io/hashicorp/aws\"]",
      "instances": [
        {
          "schema_version": 0,
          "attributes": {
            "arn": "arn:aws:ecr-public::808407022124:repository/vp-app-tomcat",
            "catalog_data": [
              {
                "about_text": null,
                "architectures": null,
                "description": null,
                "logo_image_blob": null,
                "operating_systems": null,
                "usage_text": null
              }
            ],
            "force_destroy": false,
            "id": "vp-app-tomcat",
            "region": "us-east-1",
            "registry_id": "808407022124",
            "repository_name": "vp-app-tomcat",
            "repository_uri": "public.ecr.aws/b0w0w8l4/vp-app-tomcat",
            "tags": {},
            "tags_all": {},
            "timeouts": null
          },
          "sensitive_attributes": [],
          "identity_schema_version": 0,
          "private": "eyJlMmJmYjczMC1lY2FhLTExZTYtOGY4OC0zNDM2M2JjN2M0YzAiOnsiZGVsZXRlIjoxMjAwMDAwMDAwMDAwfSwic2NoZW1hX3ZlcnNpb24iOiIwIn0="
        }
      ]
    },
    {
      "module": "module.clb",
      "mode": "managed",
      "type": "aws_elb",
      "name": "grafana_clb",
      "provider": "provider[\"registry.terraform.io/hashicorp/aws\"]",
      "instances": [
        {
          "schema_version": 0,
          "attributes": {
            "access_logs": [],
            "arn": "arn:aws:elasticloadbalancing:us-east-1:808407022124:loadbalancer/grafana-clb",
            "availability_zones": [
              "us-east-1a"
            ],
            "connection_draining": true,
            "connection_draining_timeout": 400,
            "cross_zone_load_balancing": true,
            "desync_mitigation_mode": "defensive",
            "dns_name": "grafana-clb-1645688492.us-east-1.elb.amazonaws.com",
            "health_check": [
              {
                "healthy_threshold": 2,
                "interval": 30,
                "target": "HTTP:30666/login",
                "timeout": 3,
                "unhealthy_threshold": 2
              }
            ],
            "id": "grafana-clb",
            "idle_timeout": 400,
            "instances": [
              "i-0124d2c3a7ac0ae87",
              "i-06ccf88bae19181ef",
              "i-0ea0525b8b50c626d"
            ],
            "internal": false,
            "listener": [
              {
                "instance_port": 30666,
                "instance_protocol": "http",
                "lb_port": 80,
                "lb_protocol": "http",
                "ssl_certificate_id": ""
              }
            ],
            "name": "grafana-clb",
            "name_prefix": "",
            "region": "us-east-1",
            "security_groups": [
              "sg-071aa356770d63f25"
            ],
            "source_security_group": "808407022124/clb-sg",
            "source_security_group_id": "sg-071aa356770d63f25",
            "subnets": [
              "subnet-07357a35dbc5c0319"
            ],
            "tags": {
              "Name": "grafana-clb"
            },
            "tags_all": {
              "Name": "grafana-clb"
            },
            "timeouts": null,
            "zone_id": "Z35SXDOTRQ7X7K"
          },
          "sensitive_attributes": [],
          "identity_schema_version": 0,
          "private": "eyJlMmJmYjczMC1lY2FhLTExZTYtOGY4OC0zNDM2M2JjN2M0YzAiOnsiY3JlYXRlIjozMDAwMDAwMDAwMDAsInVwZGF0ZSI6MzAwMDAwMDAwMDAwfX0=",
          "dependencies": [
            "module.iam.aws_iam_instance_profile.k8s_nodes_profile",
            "module.iam.aws_iam_role.k8s_nodes_role",
            "module.instances.aws_instance.master",
            "module.instances.aws_instance.worker",
            "module.instances.aws_key_pair.bastion_key",
            "module.instances.tls_private_key.bastion_key",
            "module.security_groups.aws_security_group.clb",
            "module.security_groups.aws_security_group.master",
            "module.security_groups.aws_security_group.workers",
            "module.subnets.aws_subnet.private",
            "module.subnets.aws_subnet.public",
            "module.vpc.aws_vpc.k8s_vpc"
          ]
        }
      ]
    },
    {
      "module": "module.clb",
      "mode": "managed",
      "type": "aws_elb",
      "name": "tomcat_clb",
      "provider": "provider[\"registry.terraform.io/hashicorp/aws\"]",
      "instances": [
        {
          "schema_version": 0,
          "attributes": {
            "access_logs": [],
            "arn": "arn:aws:elasticloadbalancing:us-east-1:808407022124:loadbalancer/tomcat-clb",
            "availability_zones": [
              "us-east-1a"
            ],
            "connection_draining": false,
            "connection_draining_timeout": 300,
            "cross_zone_load_balancing": true,
            "desync_mitigation_mode": "defensive",
            "dns_name": "tomcat-clb-419425290.us-east-1.elb.amazonaws.com",
            "health_check": [
              {
                "healthy_threshold": 2,
                "interval": 30,
                "target": "HTTP:32080/",
                "timeout": 3,
                "unhealthy_threshold": 2
              }
            ],
            "id": "tomcat-clb",
            "idle_timeout": 60,
            "instances": [
              "i-0124d2c3a7ac0ae87",
              "i-06ccf88bae19181ef",
              "i-0ea0525b8b50c626d"
            ],
            "internal": false,
            "listener": [
              {
                "instance_port": 32080,
                "instance_protocol": "http",
                "lb_port": 80,
                "lb_protocol": "http",
                "ssl_certificate_id": ""
              }
            ],
            "name": "tomcat-clb",
            "name_prefix": "",
            "region": "us-east-1",
            "security_groups": [
              "sg-071aa356770d63f25"
            ],
            "source_security_group": "808407022124/clb-sg",
            "source_security_group_id": "sg-071aa356770d63f25",
            "subnets": [
              "subnet-07357a35dbc5c0319"
            ],
            "tags": {
              "Name": "tomcat-clb"
            },
            "tags_all": {
              "Name": "tomcat-clb"
            },
            "timeouts": null,
            "zone_id": "Z35SXDOTRQ7X7K"
          },
          "sensitive_attributes": [],
          "identity_schema_version": 0,
          "private": "eyJlMmJmYjczMC1lY2FhLTExZTYtOGY4OC0zNDM2M2JjN2M0YzAiOnsiY3JlYXRlIjozMDAwMDAwMDAwMDAsInVwZGF0ZSI6MzAwMDAwMDAwMDAwfX0=",
          "dependencies": [
            "module.iam.aws_iam_instance_profile.k8s_nodes_profile",
            "module.iam.aws_iam_role.k8s_nodes_role",
            "module.instances.aws_instance.master",
            "module.instances.aws_instance.worker",
            "module.instances.aws_key_pair.bastion_key",
            "module.instances.tls_private_key.bastion_key",
            "module.security_groups.aws_security_group.clb",
            "module.security_groups.aws_security_group.master",
            "module.security_groups.aws_security_group.workers",
            "module.subnets.aws_subnet.private",
            "module.subnets.aws_subnet.public",
            "module.vpc.aws_vpc.k8s_vpc"
          ]
        }
      ]
    },
    {
      "module": "module.iam",
      "mode": "managed",
      "type": "aws_iam_instance_profile",
      "name": "jenkins_profile",
      "provider": "provider[\"registry.terraform.io/hashicorp/aws\"]",
      "instances": [
        {
          "schema_version": 0,
          "attributes": {
            "arn": "arn:aws:iam::808407022124:instance-profile/jenkins-instance-profile",
            "create_date": "2025-12-03T15:34:55Z",
            "id": "jenkins-instance-profile",
            "name": "jenkins-instance-profile",
            "name_prefix": "",
            "path": "/",
            "role": "jenkins-ecr-role",
            "tags": {
              "Name": "jenkins-instance-profile"
            },
            "tags_all": {
              "Name": "jenkins-instance-profile"
            },
            "unique_id": "AIPA3YOGQHIWOQMJXT7XG"
          },
          "sensitive_attributes": [],
          "identity_schema_version": 0,
          "private": "bnVsbA==",
          "dependencies": [
            "module.iam.aws_iam_role.jenkins_role"
          ]
        }
      ]
    },
    {
      "module": "module.iam",
      "mode": "managed",
      "type": "aws_iam_instance_profile",
      "name": "k8s_nodes_profile",
      "provider": "provider[\"registry.terraform.io/hashicorp/aws\"]",
      "instances": [
        {
          "schema_version": 0,
          "attributes": {
            "arn": "arn:aws:iam::808407022124:instance-profile/k8s-nodes-instance-profile",
            "create_date": "2025-12-03T20:29:35Z",
            "id": "k8s-nodes-instance-profile",
            "name": "k8s-nodes-instance-profile",
            "name_prefix": "",
            "path": "/",
            "role": "k8s-nodes-role",
            "tags": {
              "Name": "k8s-nodes-instance-profile"
            },
            "tags_all": {
              "Name": "k8s-nodes-instance-profile"
            },
            "unique_id": "AIPA3YOGQHIWMBH64NNFE"
          },
          "sensitive_attributes": [],
          "identity_schema_version": 0,
          "private": "bnVsbA==",
          "dependencies": [
            "module.iam.aws_iam_role.k8s_nodes_role"
          ]
        }
      ]
    },
    {
      "module": "module.iam",
      "mode": "managed",
      "type": "aws_iam_policy",
      "name": "jenkins_ecr_policy",
      "provider": "provider[\"registry.terraform.io/hashicorp/aws\"]",
      "instances": [
        {
          "schema_version": 0,
          "attributes": {
            "arn": "arn:aws:iam::808407022124:policy/jenkins-ecr-policy",
            "attachment_count": 1,
            "description": "Policy to allow Jenkins to push images to ECR",
            "id": "arn:aws:iam::808407022124:policy/jenkins-ecr-policy",
            "name": "jenkins-ecr-policy",
            "name_prefix": "",
            "path": "/",
            "policy": "{\"Statement\":[{\"Action\":[\"ecr-public:GetAuthorizationToken\",\"sts:GetServiceBearerToken\"],\"Effect\":\"Allow\",\"Resource\":\"*\"},{\"Action\":[\"ecr-public:BatchCheckLayerAvailability\",\"ecr-public:GetRepositoryPolicy\",\"ecr-public:DescribeRepositories\",\"ecr-public:DescribeImages\",\"ecr-public:InitiateLayerUpload\",\"ecr-public:UploadLayerPart\",\"ecr-public:CompleteLayerUpload\",\"ecr-public:PutImage\"],\"Effect\":\"Allow\",\"Resource\":\"*\"}],\"Version\":\"2012-10-17\"}",
            "policy_id": "ANPA3YOGQHIWPPNDJT6LS",
            "tags": {
              "Name": "jenkins-ecr-policy"
            },
            "tags_all": {
              "Name": "jenkins-ecr-policy"
            }
          },
          "sensitive_attributes": [],
          "identity_schema_version": 0,
          "identity": {
            "arn": "arn:aws:iam::808407022124:policy/jenkins-ecr-policy"
          },
          "private": "bnVsbA=="
        }
      ]
    },
    {
      "module": "module.iam",
      "mode": "managed",
      "type": "aws_iam_policy",
      "name": "k8s_elb_policy",
      "provider": "provider[\"registry.terraform.io/hashicorp/aws\"]",
      "instances": [
        {
          "schema_version": 0,
          "attributes": {
            "arn": "arn:aws:iam::808407022124:policy/k8s-elb-policy",
            "attachment_count": 1,
            "description": "Policy to allow K8s nodes to create and manage ELB/CLB",
            "id": "arn:aws:iam::808407022124:policy/k8s-elb-policy",
            "name": "k8s-elb-policy",
            "name_prefix": "",
            "path": "/",
            "policy": "{\"Statement\":[{\"Action\":[\"elasticloadbalancing:*\",\"ec2:DescribeAccountAttributes\",\"ec2:DescribeAddresses\",\"ec2:DescribeInternetGateways\",\"ec2:DescribeSecurityGroups\",\"ec2:DescribeSubnets\",\"ec2:DescribeVpcs\",\"ec2:DescribeInstances\",\"ec2:DescribeNetworkInterfaces\",\"ec2:CreateSecurityGroup\",\"ec2:CreateTags\",\"ec2:AuthorizeSecurityGroupIngress\",\"ec2:RevokeSecurityGroupIngress\"],\"Effect\":\"Allow\",\"Resource\":\"*\"}],\"Version\":\"2012-10-17\"}",
            "policy_id": "ANPA3YOGQHIWKNJVAAKFS",
            "tags": {
              "Name": "k8s-elb-policy"
            },
            "tags_all": {
              "Name": "k8s-elb-policy"
            }
          },
          "sensitive_attributes": [],
          "identity_schema_version": 0,
          "identity": {
            "arn": "arn:aws:iam::808407022124:policy/k8s-elb-policy"
          },
          "private": "bnVsbA=="
        }
      ]
    },
    {
      "module": "module.iam",
      "mode": "managed",
      "type": "aws_iam_role",
      "name": "jenkins_role",
      "provider": "provider[\"registry.terraform.io/hashicorp/aws\"]",
      "instances": [
        {
          "schema_version": 0,
          "attributes": {
            "arn": "arn:aws:iam::808407022124:role/jenkins-ecr-role",
            "assume_role_policy": "{\"Statement\":[{\"Action\":\"sts:AssumeRole\",\"Effect\":\"Allow\",\"Principal\":{\"Service\":\"ec2.amazonaws.com\"}}],\"Version\":\"2012-10-17\"}",
            "create_date": "2025-12-03T15:34:54Z",
            "description": "",
            "force_detach_policies": false,
            "id": "jenkins-ecr-role",
            "inline_policy": [],
            "managed_policy_arns": [
              "arn:aws:iam::808407022124:policy/jenkins-ecr-policy"
            ],
            "max_session_duration": 3600,
            "name": "jenkins-ecr-role",
            "name_prefix": "",
            "path": "/",
            "permissions_boundary": "",
            "tags": {
              "Name": "jenkins-ecr-role"
            },
            "tags_all": {
              "Name": "jenkins-ecr-role"
            },
            "unique_id": "AROA3YOGQHIWMD6ZCGNXA"
          },
          "sensitive_attributes": [],
          "identity_schema_version": 0,
          "identity": {
            "account_id": "808407022124",
            "name": "jenkins-ecr-role"
          },
          "private": "bnVsbA=="
        }
      ]
    },
    {
      "module": "module.iam",
      "mode": "managed",
      "type": "aws_iam_role",
      "name": "k8s_nodes_role",
      "provider": "provider[\"registry.terraform.io/hashicorp/aws\"]",
      "instances": [
        {
          "schema_version": 0,
          "attributes": {
            "arn": "arn:aws:iam::808407022124:role/k8s-nodes-role",
            "assume_role_policy": "{\"Statement\":[{\"Action\":\"sts:AssumeRole\",\"Effect\":\"Allow\",\"Principal\":{\"Service\":\"ec2.amazonaws.com\"}}],\"Version\":\"2012-10-17\"}",
            "create_date": "2025-12-03T20:29:33Z",
            "description": "",
            "force_detach_policies": false,
            "id": "k8s-nodes-role",
            "inline_policy": [],
            "managed_policy_arns": [
              "arn:aws:iam::808407022124:policy/k8s-elb-policy"
            ],
            "max_session_duration": 3600,
            "name": "k8s-nodes-role",
            "name_prefix": "",
            "path": "/",
            "permissions_boundary": "",
            "tags": {
              "Name": "k8s-nodes-role"
            },
            "tags_all": {
              "Name": "k8s-nodes-role"
            },
            "unique_id": "AROA3YOGQHIWAKJBJGVC3"
          },
          "sensitive_attributes": [],
          "identity_schema_version": 0,
          "identity": {
            "account_id": "808407022124",
            "name": "k8s-nodes-role"
          },
          "private": "bnVsbA=="
        }
      ]
    },
    {
      "module": "module.iam",
      "mode": "managed",
      "type": "aws_iam_role_policy_attachment",
      "name": "jenkins_ecr_attach",
      "provider": "provider[\"registry.terraform.io/hashicorp/aws\"]",
      "instances": [
        {
          "schema_version": 0,
          "attributes": {
            "id": "jenkins-ecr-role/arn:aws:iam::808407022124:policy/jenkins-ecr-policy",
            "policy_arn": "arn:aws:iam::808407022124:policy/jenkins-ecr-policy",
            "role": "jenkins-ecr-role"
          },
          "sensitive_attributes": [],
          "identity_schema_version": 0,
          "identity": {
            "account_id": "808407022124",
            "policy_arn": "arn:aws:iam::808407022124:policy/jenkins-ecr-policy",
            "role": "jenkins-ecr-role"
          },
          "private": "bnVsbA==",
          "dependencies": [
            "module.iam.aws_iam_policy.jenkins_ecr_policy",
            "module.iam.aws_iam_role.jenkins_role"
          ]
        }
      ]
    },
    {
      "module": "module.iam",
      "mode": "managed",
      "type": "aws_iam_role_policy_attachment",
      "name": "k8s_elb_attach",
      "provider": "provider[\"registry.terraform.io/hashicorp/aws\"]",
      "instances": [
        {
          "schema_version": 0,
          "attributes": {
            "id": "k8s-nodes-role/arn:aws:iam::808407022124:policy/k8s-elb-policy",
            "policy_arn": "arn:aws:iam::808407022124:policy/k8s-elb-policy",
            "role": "k8s-nodes-role"
          },
          "sensitive_attributes": [],
          "identity_schema_version": 0,
          "identity": {
            "account_id": "808407022124",
            "policy_arn": "arn:aws:iam::808407022124:policy/k8s-elb-policy",
            "role": "k8s-nodes-role"
          },
          "private": "bnVsbA==",
          "dependencies": [
            "module.iam.aws_iam_policy.k8s_elb_policy",
            "module.iam.aws_iam_role.k8s_nodes_role"
          ]
        }
      ]
    },
    {
      "module": "module.instances",
      "mode": "managed",
      "type": "aws_ebs_volume",
      "name": "jenkins_data",
      "provider": "provider[\"registry.terraform.io/hashicorp/aws\"]",
      "instances": [
        {
          "schema_version": 0,
          "attributes": {
            "arn": "arn:aws:ec2:us-east-1:808407022124:volume/vol-0269ae7745f1973fe",
            "availability_zone": "us-east-1a",
            "create_time": "2025-12-03T21:26:45Z",
            "encrypted": false,
            "final_snapshot": false,
            "id": "vol-0269ae7745f1973fe",
            "iops": 3000,
            "kms_key_id": "",
            "multi_attach_enabled": false,
            "outpost_arn": "",
            "region": "us-east-1",
            "size": 20,
            "snapshot_id": "",
            "tags": {
              "Name": "jenkins-data"
            },
            "tags_all": {
              "Name": "jenkins-data"
            },
            "throughput": 125,
            "timeouts": null,
            "type": "gp3",
            "volume_initialization_rate": 0
          },
          "sensitive_attributes": [],
          "identity_schema_version": 0,
          "private": "eyJlMmJmYjczMC1lY2FhLTExZTYtOGY4OC0zNDM2M2JjN2M0YzAiOnsiY3JlYXRlIjozMDAwMDAwMDAwMDAsImRlbGV0ZSI6NjAwMDAwMDAwMDAwLCJ1cGRhdGUiOjMwMDAwMDAwMDAwMH19",
          "dependencies": [
            "module.instances.aws_instance.bastion",
            "module.instances.aws_key_pair.bastion_key",
            "module.instances.tls_private_key.bastion_key",
            "module.security_groups.aws_security_group.bastion-sg",
            "module.subnets.aws_subnet.public",
            "module.vpc.aws_vpc.k8s_vpc"
          ]
        }
      ]
    },
    {
      "module": "module.instances",
      "mode": "managed",
      "type": "aws_instance",
      "name": "bastion",
      "provider": "provider[\"registry.terraform.io/hashicorp/aws\"]",
      "instances": [
        {
          "schema_version": 2,
          "attributes": {
            "ami": "ami-0c398cb65a93047f2",
            "arn": "arn:aws:ec2:us-east-1:808407022124:instance/i-0da384ab5d0464648",
            "associate_public_ip_address": true,
            "availability_zone": "us-east-1a",
            "capacity_reservation_specification": [
              {
                "capacity_reservation_preference": "open",
                "capacity_reservation_target": []
              }
            ],
            "cpu_options": [
              {
                "amd_sev_snp": "",
                "core_count": 1,
                "threads_per_core": 1
              }
            ],
            "credit_specification": [
              {
                "cpu_credits": "standard"
              }
            ],
            "disable_api_stop": false,
            "disable_api_termination": false,
            "ebs_block_device": [],
            "ebs_optimized": false,
            "enable_primary_ipv6": null,
            "enclave_options": [
              {
                "enabled": false
              }
            ],
            "ephemeral_block_device": [],
            "force_destroy": false,
            "get_password_data": false,
            "hibernation": false,
            "host_id": "",
            "host_resource_group_arn": null,
            "iam_instance_profile": "",
            "id": "i-0da384ab5d0464648",
            "instance_initiated_shutdown_behavior": "stop",
            "instance_lifecycle": "",
            "instance_market_options": [],
            "instance_state": "running",
            "instance_type": "t2.nano",
            "ipv6_address_count": 0,
            "ipv6_addresses": [],
            "key_name": "bastion-key",
            "launch_template": [],
            "maintenance_options": [
              {
                "auto_recovery": "default"
              }
            ],
            "metadata_options": [
              {
                "http_endpoint": "enabled",
                "http_protocol_ipv6": "disabled",
                "http_put_response_hop_limit": 1,
                "http_tokens": "optional",
                "instance_metadata_tags": "disabled"
              }
            ],
            "monitoring": false,
            "network_interface": [],
            "outpost_arn": "",
            "password_data": "",
            "placement_group": "",
            "placement_group_id": "",
            "placement_partition_number": 0,
            "primary_network_interface": [
              {
                "delete_on_termination": true,
                "network_interface_id": "eni-0b7725d2b3a4e68f7"
              }
            ],
            "primary_network_interface_id": "eni-0b7725d2b3a4e68f7",
            "private_dns": "ip-192-168-10-212.ec2.internal",
            "private_dns_name_options": [
              {
                "enable_resource_name_dns_a_record": false,
                "enable_resource_name_dns_aaaa_record": false,
                "hostname_type": "ip-name"
              }
            ],
            "private_ip": "192.168.10.212",
            "public_dns": "ec2-3-219-41-214.compute-1.amazonaws.com",
            "public_ip": "3.219.41.214",
            "region": "us-east-1",
            "root_block_device": [
              {
                "delete_on_termination": true,
                "device_name": "/dev/sda1",
                "encrypted": false,
                "iops": 100,
                "kms_key_id": "",
                "tags": {},
                "tags_all": {},
                "throughput": 0,
                "volume_id": "vol-0d5d769fca113f679",
                "volume_size": 8,
                "volume_type": "gp2"
              }
            ],
            "secondary_private_ips": [],
            "security_groups": [
              "sg-05daf7dc6cc3043f0"
            ],
            "source_dest_check": true,
            "spot_instance_request_id": "",
            "subnet_id": "subnet-07357a35dbc5c0319",
            "tags": {
              "Name": "bastion"
            },
            "tags_all": {
              "Name": "bastion"
            },
            "tenancy": "default",
            "timeouts": null,
            "user_data": null,
            "user_data_base64": null,
            "user_data_replace_on_change": false,
            "volume_tags": null,
            "vpc_security_group_ids": [
              "sg-05daf7dc6cc3043f0"
            ]
          },
          "sensitive_attributes": [],
          "identity_schema_version": 0,
          "identity": {
            "account_id": "808407022124",
            "id": "i-0da384ab5d0464648",
            "region": "us-east-1"
          },
          "private": "eyJlMmJmYjczMC1lY2FhLTExZTYtOGY4OC0zNDM2M2JjN2M0YzAiOnsiY3JlYXRlIjo2MDAwMDAwMDAwMDAsImRlbGV0ZSI6MTIwMDAwMDAwMDAwMCwicmVhZCI6OTAwMDAwMDAwMDAwLCJ1cGRhdGUiOjYwMDAwMDAwMDAwMH0sInNjaGVtYV92ZXJzaW9uIjoiMiJ9",
          "dependencies": [
            "module.instances.aws_key_pair.bastion_key",
            "module.instances.tls_private_key.bastion_key",
            "module.security_groups.aws_security_group.bastion-sg",
            "module.subnets.aws_subnet.public",
            "module.vpc.aws_vpc.k8s_vpc"
          ]
        }
      ]
    },
    {
      "module": "module.instances",
      "mode": "managed",
      "type": "aws_instance",
      "name": "jenkins",
      "provider": "provider[\"registry.terraform.io/hashicorp/aws\"]",
      "instances": [
        {
          "schema_version": 2,
          "attributes": {
            "ami": "ami-0c398cb65a93047f2",
            "arn": "arn:aws:ec2:us-east-1:808407022124:instance/i-044dd540a05517af3",
            "associate_public_ip_address": true,
            "availability_zone": "us-east-1a",
            "capacity_reservation_specification": [
              {
                "capacity_reservation_preference": "open",
                "capacity_reservation_target": []
              }
            ],
            "cpu_options": [
              {
                "amd_sev_snp": "",
                "core_count": 1,
                "threads_per_core": 1
              }
            ],
            "credit_specification": [
              {
                "cpu_credits": "standard"
              }
            ],
            "disable_api_stop": false,
            "disable_api_termination": false,
            "ebs_block_device": [],
            "ebs_optimized": false,
            "enable_primary_ipv6": null,
            "enclave_options": [
              {
                "enabled": false
              }
            ],
            "ephemeral_block_device": [],
            "force_destroy": false,
            "get_password_data": false,
            "hibernation": false,
            "host_id": "",
            "host_resource_group_arn": null,
            "iam_instance_profile": "jenkins-instance-profile",
            "id": "i-044dd540a05517af3",
            "instance_initiated_shutdown_behavior": "stop",
            "instance_lifecycle": "",
            "instance_market_options": [],
            "instance_state": "running",
            "instance_type": "t2.small",
            "ipv6_address_count": 0,
            "ipv6_addresses": [],
            "key_name": "bastion-key",
            "launch_template": [],
            "maintenance_options": [
              {
                "auto_recovery": "default"
              }
            ],
            "metadata_options": [
              {
                "http_endpoint": "enabled",
                "http_protocol_ipv6": "disabled",
                "http_put_response_hop_limit": 1,
                "http_tokens": "optional",
                "instance_metadata_tags": "disabled"
              }
            ],
            "monitoring": false,
            "network_interface": [],
            "outpost_arn": "",
            "password_data": "",
            "placement_group": "",
            "placement_group_id": "",
            "placement_partition_number": 0,
            "primary_network_interface": [
              {
                "delete_on_termination": true,
                "network_interface_id": "eni-0a76e0e4d76185960"
              }
            ],
            "primary_network_interface_id": "eni-0a76e0e4d76185960",
            "private_dns": "ip-192-168-10-83.ec2.internal",
            "private_dns_name_options": [
              {
                "enable_resource_name_dns_a_record": false,
                "enable_resource_name_dns_aaaa_record": false,
                "hostname_type": "ip-name"
              }
            ],
            "private_ip": "192.168.10.83",
            "public_dns": "ec2-44-199-255-60.compute-1.amazonaws.com",
            "public_ip": "44.199.255.60",
            "region": "us-east-1",
            "root_block_device": [
              {
                "delete_on_termination": true,
                "device_name": "/dev/sda1",
                "encrypted": false,
                "iops": 100,
                "kms_key_id": "",
                "tags": {},
                "tags_all": {},
                "throughput": 0,
                "volume_id": "vol-09691395301c776c8",
                "volume_size": 8,
                "volume_type": "gp2"
              }
            ],
            "secondary_private_ips": [],
            "security_groups": [
              "sg-043bf0655b9282c62"
            ],
            "source_dest_check": true,
            "spot_instance_request_id": "",
            "subnet_id": "subnet-07357a35dbc5c0319",
            "tags": {
              "Name": "jenkins"
            },
            "tags_all": {
              "Name": "jenkins"
            },
            "tenancy": "default",
            "timeouts": null,
            "user_data": "#!/bin/bash\nset -e\n\n# Update system\nsudo apt update -y \u0026\u0026 sudo apt install -y fontconfig openjdk-21-jre \n\n# Add Jenkins repository and key\nsudo wget -O /etc/apt/keyrings/jenkins-keyring.asc \\\n  https://pkg.jenkins.io/debian-stable/jenkins.io-2023.key\necho \"deb [signed-by=/etc/apt/keyrings/jenkins-keyring.asc]\" \\\n  https://pkg.jenkins.io/debian-stable binary/ | sudo tee \\\n  /etc/apt/sources.list.d/jenkins.list \u003e /dev/null\n\nsudo apt update -y \u0026\u0026 sudo apt install -y jenkins\n\n# Install Docker\n\n## Add Docker's official GPG key:\nsudo apt update -y \u0026\u0026 sudo apt install -y ca-certificates curl\nsudo install -m 0755 -d /etc/apt/keyrings\nsudo curl -fsSL https://download.docker.com/linux/ubuntu/gpg -o /etc/apt/keyrings/docker.asc\nsudo chmod a+r /etc/apt/keyrings/docker.asc\n\n## Add the repository to Apt sources:\nsudo tee /etc/apt/sources.list.d/docker.sources \u003c\u003cEOF\nTypes: deb\nURIs: https://download.docker.com/linux/ubuntu\nSuites: $(. /etc/os-release \u0026\u0026 echo \"${UBUNTU_CODENAME:-$VERSION_CODENAME}\")\nComponents: stable\nSigned-By: /etc/apt/keyrings/docker.asc\nEOF\n\nsudo apt update -y \u0026\u0026 sudo apt install -y docker-ce docker-ce-cli containerd.io docker-buildx-plugin docker-compose-plugin\n\n# Install AWS CLI\nsudo apt install -y awscli\n\n# Add jenkins user to docker group\nsudo usermod -aG docker jenkins\n\n# Wait for EBS volume to be attached (device will be /dev/xvdf) # /dev/xvdf \nDEVICE=\"/dev/xvdf\"\nwhile [ ! -b $DEVICE ]; do\n  echo \"Waiting for EBS volume to be attached...\"\n  sleep 5\ndone\n\n# Check if volume has a filesystem, if not create one\nif ! blkid $DEVICE; then\n  mkfs -t ext4 $DEVICE\nfi\n\n# Stop Jenkins to move data\nsudo systemctl stop jenkins\n\n# Create mount point and mount volume\nsudo mkdir -p /var/lib/jenkins\nsudo mount $DEVICE /var/lib/jenkins\n\n# Add to fstab for persistence\nUUID=$(blkid -s UUID -o value $DEVICE)\necho \"UUID=$UUID /var/lib/jenkins ext4 defaults,nofail 0 2\" \u003e\u003e /etc/fstab\n\n# Set correct ownership\nsudo chown -R jenkins:jenkins /var/lib/jenkins\n\n# Start and enable services\nsudo systemctl start jenkins\nsudo systemctl enable jenkins\nsudo systemctl start docker\nsudo systemctl enable docker\n\necho \"Jenkins installation complete!\"\n\n# print the initial admin password\necho \"Initial admin password: $(sudo cat /var/lib/jenkins/secrets/initialAdminPassword)\" \u003e /home/ubuntu/jenkins_initial_admin_password.txt",
            "user_data_base64": null,
            "user_data_replace_on_change": false,
            "volume_tags": null,
            "vpc_security_group_ids": [
              "sg-043bf0655b9282c62"
            ]
          },
          "sensitive_attributes": [],
          "identity_schema_version": 0,
          "identity": {
            "account_id": "808407022124",
            "id": "i-044dd540a05517af3",
            "region": "us-east-1"
          },
          "private": "eyJlMmJmYjczMC1lY2FhLTExZTYtOGY4OC0zNDM2M2JjN2M0YzAiOnsiY3JlYXRlIjo2MDAwMDAwMDAwMDAsImRlbGV0ZSI6MTIwMDAwMDAwMDAwMCwicmVhZCI6OTAwMDAwMDAwMDAwLCJ1cGRhdGUiOjYwMDAwMDAwMDAwMH0sInNjaGVtYV92ZXJzaW9uIjoiMiJ9",
          "dependencies": [
            "module.iam.aws_iam_instance_profile.jenkins_profile",
            "module.iam.aws_iam_role.jenkins_role",
            "module.instances.aws_key_pair.bastion_key",
            "module.instances.tls_private_key.bastion_key",
            "module.security_groups.aws_security_group.jenkins",
            "module.subnets.aws_subnet.public",
            "module.vpc.aws_vpc.k8s_vpc"
          ]
        }
      ]
    },
    {
      "module": "module.instances",
      "mode": "managed",
      "type": "aws_instance",
      "name": "master",
      "provider": "provider[\"registry.terraform.io/hashicorp/aws\"]",
      "instances": [
        {
          "schema_version": 2,
          "attributes": {
            "ami": "ami-0c398cb65a93047f2",
            "arn": "arn:aws:ec2:us-east-1:808407022124:instance/i-0124d2c3a7ac0ae87",
            "associate_public_ip_address": false,
            "availability_zone": "us-east-1a",
            "capacity_reservation_specification": [
              {
                "capacity_reservation_preference": "open",
                "capacity_reservation_target": []
              }
            ],
            "cpu_options": [
              {
                "amd_sev_snp": "",
                "core_count": 2,
                "threads_per_core": 1
              }
            ],
            "credit_specification": [
              {
                "cpu_credits": "standard"
              }
            ],
            "disable_api_stop": false,
            "disable_api_termination": false,
            "ebs_block_device": [],
            "ebs_optimized": false,
            "enable_primary_ipv6": null,
            "enclave_options": [
              {
                "enabled": false
              }
            ],
            "ephemeral_block_device": [],
            "force_destroy": false,
            "get_password_data": false,
            "hibernation": false,
            "host_id": "",
            "host_resource_group_arn": null,
            "iam_instance_profile": "k8s-nodes-instance-profile",
            "id": "i-0124d2c3a7ac0ae87",
            "instance_initiated_shutdown_behavior": "stop",
            "instance_lifecycle": "",
            "instance_market_options": [],
            "instance_state": "running",
            "instance_type": "t2.large",
            "ipv6_address_count": 0,
            "ipv6_addresses": [],
            "key_name": "bastion-key",
            "launch_template": [],
            "maintenance_options": [
              {
                "auto_recovery": "default"
              }
            ],
            "metadata_options": [
              {
                "http_endpoint": "enabled",
                "http_protocol_ipv6": "disabled",
                "http_put_response_hop_limit": 1,
                "http_tokens": "optional",
                "instance_metadata_tags": "disabled"
              }
            ],
            "monitoring": false,
            "network_interface": [],
            "outpost_arn": "",
            "password_data": "",
            "placement_group": "",
            "placement_group_id": "",
            "placement_partition_number": 0,
            "primary_network_interface": [
              {
                "delete_on_termination": true,
                "network_interface_id": "eni-04cda1d3d0cae5a28"
              }
            ],
            "primary_network_interface_id": "eni-04cda1d3d0cae5a28",
            "private_dns": "ip-192-168-20-122.ec2.internal",
            "private_dns_name_options": [
              {
                "enable_resource_name_dns_a_record": false,
                "enable_resource_name_dns_aaaa_record": false,
                "hostname_type": "ip-name"
              }
            ],
            "private_ip": "192.168.20.122",
            "public_dns": "",
            "public_ip": "",
            "region": "us-east-1",
            "root_block_device": [
              {
                "delete_on_termination": true,
                "device_name": "/dev/sda1",
                "encrypted": false,
                "iops": 3000,
                "kms_key_id": "",
                "tags": {
                  "Name": "master-volume"
                },
                "tags_all": {
                  "Name": "master-volume"
                },
                "throughput": 125,
                "volume_id": "vol-0aee42cf861ba28ab",
                "volume_size": 30,
                "volume_type": "gp3"
              }
            ],
            "secondary_private_ips": [],
            "security_groups": [
              "sg-0d0eda287472d94bd"
            ],
            "source_dest_check": true,
            "spot_instance_request_id": "",
            "subnet_id": "subnet-066913c392fff5b8a",
            "tags": {
              "Name": "master"
            },
            "tags_all": {
              "Name": "master"
            },
            "tenancy": "default",
            "timeouts": null,
            "user_data": null,
            "user_data_base64": null,
            "user_data_replace_on_change": false,
            "volume_tags": null,
            "vpc_security_group_ids": [
              "sg-0d0eda287472d94bd"
            ]
          },
          "sensitive_attributes": [],
          "identity_schema_version": 0,
          "identity": {
            "account_id": "808407022124",
            "id": "i-0124d2c3a7ac0ae87",
            "region": "us-east-1"
          },
          "private": "eyJlMmJmYjczMC1lY2FhLTExZTYtOGY4OC0zNDM2M2JjN2M0YzAiOnsiY3JlYXRlIjo2MDAwMDAwMDAwMDAsImRlbGV0ZSI6MTIwMDAwMDAwMDAwMCwicmVhZCI6OTAwMDAwMDAwMDAwLCJ1cGRhdGUiOjYwMDAwMDAwMDAwMH0sInNjaGVtYV92ZXJzaW9uIjoiMiJ9",
          "dependencies": [
            "module.iam.aws_iam_instance_profile.k8s_nodes_profile",
            "module.iam.aws_iam_role.k8s_nodes_role",
            "module.instances.aws_key_pair.bastion_key",
            "module.instances.tls_private_key.bastion_key",
            "module.security_groups.aws_security_group.master",
            "module.subnets.aws_subnet.private",
            "module.vpc.aws_vpc.k8s_vpc"
          ]
        }
      ]
    },
    {
      "module": "module.instances",
      "mode": "managed",
      "type": "aws_instance",
      "name": "worker",
      "provider": "provider[\"registry.terraform.io/hashicorp/aws\"]",
      "instances": [
        {
          "index_key": 0,
          "schema_version": 2,
          "attributes": {
            "ami": "ami-0c398cb65a93047f2",
            "arn": "arn:aws:ec2:us-east-1:808407022124:instance/i-06ccf88bae19181ef",
            "associate_public_ip_address": false,
            "availability_zone": "us-east-1a",
            "capacity_reservation_specification": [
              {
                "capacity_reservation_preference": "open",
                "capacity_reservation_target": []
              }
            ],
            "cpu_options": [
              {
                "amd_sev_snp": "",
                "core_count": 2,
                "threads_per_core": 1
              }
            ],
            "credit_specification": [
              {
                "cpu_credits": "standard"
              }
            ],
            "disable_api_stop": false,
            "disable_api_termination": false,
            "ebs_block_device": [],
            "ebs_optimized": false,
            "enable_primary_ipv6": null,
            "enclave_options": [
              {
                "enabled": false
              }
            ],
            "ephemeral_block_device": [],
            "force_destroy": false,
            "get_password_data": false,
            "hibernation": false,
            "host_id": "",
            "host_resource_group_arn": null,
            "iam_instance_profile": "k8s-nodes-instance-profile",
            "id": "i-06ccf88bae19181ef",
            "instance_initiated_shutdown_behavior": "stop",
            "instance_lifecycle": "",
            "instance_market_options": [],
            "instance_state": "running",
            "instance_type": "t2.medium",
            "ipv6_address_count": 0,
            "ipv6_addresses": [],
            "key_name": "bastion-key",
            "launch_template": [],
            "maintenance_options": [
              {
                "auto_recovery": "default"
              }
            ],
            "metadata_options": [
              {
                "http_endpoint": "enabled",
                "http_protocol_ipv6": "disabled",
                "http_put_response_hop_limit": 1,
                "http_tokens": "optional",
                "instance_metadata_tags": "disabled"
              }
            ],
            "monitoring": false,
            "network_interface": [],
            "outpost_arn": "",
            "password_data": "",
            "placement_group": "",
            "placement_group_id": "",
            "placement_partition_number": 0,
            "primary_network_interface": [
              {
                "delete_on_termination": true,
                "network_interface_id": "eni-0f61fa0d109673c6b"
              }
            ],
            "primary_network_interface_id": "eni-0f61fa0d109673c6b",
            "private_dns": "ip-192-168-20-31.ec2.internal",
            "private_dns_name_options": [
              {
                "enable_resource_name_dns_a_record": false,
                "enable_resource_name_dns_aaaa_record": false,
                "hostname_type": "ip-name"
              }
            ],
            "private_ip": "192.168.20.31",
            "public_dns": "",
            "public_ip": "",
            "region": "us-east-1",
            "root_block_device": [
              {
                "delete_on_termination": true,
                "device_name": "/dev/sda1",
                "encrypted": false,
                "iops": 3000,
                "kms_key_id": "",
                "tags": {
                  "Name": "worker-1-volume"
                },
                "tags_all": {
                  "Name": "worker-1-volume"
                },
                "throughput": 125,
                "volume_id": "vol-0952f4ae043606005",
                "volume_size": 30,
                "volume_type": "gp3"
              }
            ],
            "secondary_private_ips": [],
            "security_groups": [
              "sg-0c3d221f95e9213b3"
            ],
            "source_dest_check": true,
            "spot_instance_request_id": "",
            "subnet_id": "subnet-066913c392fff5b8a",
            "tags": {
              "Name": "worker-1"
            },
            "tags_all": {
              "Name": "worker-1"
            },
            "tenancy": "default",
            "timeouts": null,
            "user_data": null,
            "user_data_base64": null,
            "user_data_replace_on_change": false,
            "volume_tags": null,
            "vpc_security_group_ids": [
              "sg-0c3d221f95e9213b3"
            ]
          },
          "sensitive_attributes": [],
          "identity_schema_version": 0,
          "identity": {
            "account_id": "808407022124",
            "id": "i-06ccf88bae19181ef",
            "region": "us-east-1"
          },
          "private": "eyJlMmJmYjczMC1lY2FhLTExZTYtOGY4OC0zNDM2M2JjN2M0YzAiOnsiY3JlYXRlIjo2MDAwMDAwMDAwMDAsImRlbGV0ZSI6MTIwMDAwMDAwMDAwMCwicmVhZCI6OTAwMDAwMDAwMDAwLCJ1cGRhdGUiOjYwMDAwMDAwMDAwMH0sInNjaGVtYV92ZXJzaW9uIjoiMiJ9",
          "dependencies": [
            "module.iam.aws_iam_instance_profile.k8s_nodes_profile",
            "module.iam.aws_iam_role.k8s_nodes_role",
            "module.instances.aws_instance.master",
            "module.instances.aws_key_pair.bastion_key",
            "module.instances.tls_private_key.bastion_key",
            "module.security_groups.aws_security_group.master",
            "module.security_groups.aws_security_group.workers",
            "module.subnets.aws_subnet.private",
            "module.vpc.aws_vpc.k8s_vpc"
          ]
        },
        {
          "index_key": 1,
          "schema_version": 2,
          "attributes": {
            "ami": "ami-0c398cb65a93047f2",
            "arn": "arn:aws:ec2:us-east-1:808407022124:instance/i-0ea0525b8b50c626d",
            "associate_public_ip_address": false,
            "availability_zone": "us-east-1a",
            "capacity_reservation_specification": [
              {
                "capacity_reservation_preference": "open",
                "capacity_reservation_target": []
              }
            ],
            "cpu_options": [
              {
                "amd_sev_snp": "",
                "core_count": 2,
                "threads_per_core": 1
              }
            ],
            "credit_specification": [
              {
                "cpu_credits": "standard"
              }
            ],
            "disable_api_stop": false,
            "disable_api_termination": false,
            "ebs_block_device": [],
            "ebs_optimized": false,
            "enable_primary_ipv6": null,
            "enclave_options": [
              {
                "enabled": false
              }
            ],
            "ephemeral_block_device": [],
            "force_destroy": false,
            "get_password_data": false,
            "hibernation": false,
            "host_id": "",
            "host_resource_group_arn": null,
            "iam_instance_profile": "k8s-nodes-instance-profile",
            "id": "i-0ea0525b8b50c626d",
            "instance_initiated_shutdown_behavior": "stop",
            "instance_lifecycle": "",
            "instance_market_options": [],
            "instance_state": "running",
            "instance_type": "t2.medium",
            "ipv6_address_count": 0,
            "ipv6_addresses": [],
            "key_name": "bastion-key",
            "launch_template": [],
            "maintenance_options": [
              {
                "auto_recovery": "default"
              }
            ],
            "metadata_options": [
              {
                "http_endpoint": "enabled",
                "http_protocol_ipv6": "disabled",
                "http_put_response_hop_limit": 1,
                "http_tokens": "optional",
                "instance_metadata_tags": "disabled"
              }
            ],
            "monitoring": false,
            "network_interface": [],
            "outpost_arn": "",
            "password_data": "",
            "placement_group": "",
            "placement_group_id": "",
            "placement_partition_number": 0,
            "primary_network_interface": [
              {
                "delete_on_termination": true,
                "network_interface_id": "eni-0f1508d08b8535e01"
              }
            ],
            "primary_network_interface_id": "eni-0f1508d08b8535e01",
            "private_dns": "ip-192-168-20-55.ec2.internal",
            "private_dns_name_options": [
              {
                "enable_resource_name_dns_a_record": false,
                "enable_resource_name_dns_aaaa_record": false,
                "hostname_type": "ip-name"
              }
            ],
            "private_ip": "192.168.20.55",
            "public_dns": "",
            "public_ip": "",
            "region": "us-east-1",
            "root_block_device": [
              {
                "delete_on_termination": true,
                "device_name": "/dev/sda1",
                "encrypted": false,
                "iops": 3000,
                "kms_key_id": "",
                "tags": {
                  "Name": "worker-2-volume"
                },
                "tags_all": {
                  "Name": "worker-2-volume"
                },
                "throughput": 125,
                "volume_id": "vol-0699229936a7b7a45",
                "volume_size": 30,
                "volume_type": "gp3"
              }
            ],
            "secondary_private_ips": [],
            "security_groups": [
              "sg-0c3d221f95e9213b3"
            ],
            "source_dest_check": true,
            "spot_instance_request_id": "",
            "subnet_id": "subnet-066913c392fff5b8a",
            "tags": {
              "Name": "worker-2"
            },
            "tags_all": {
              "Name": "worker-2"
            },
            "tenancy": "default",
            "timeouts": null,
            "user_data": null,
            "user_data_base64": null,
            "user_data_replace_on_change": false,
            "volume_tags": null,
            "vpc_security_group_ids": [
              "sg-0c3d221f95e9213b3"
            ]
          },
          "sensitive_attributes": [],
          "identity_schema_version": 0,
          "identity": {
            "account_id": "808407022124",
            "id": "i-0ea0525b8b50c626d",
            "region": "us-east-1"
          },
          "private": "eyJlMmJmYjczMC1lY2FhLTExZTYtOGY4OC0zNDM2M2JjN2M0YzAiOnsiY3JlYXRlIjo2MDAwMDAwMDAwMDAsImRlbGV0ZSI6MTIwMDAwMDAwMDAwMCwicmVhZCI6OTAwMDAwMDAwMDAwLCJ1cGRhdGUiOjYwMDAwMDAwMDAwMH0sInNjaGVtYV92ZXJzaW9uIjoiMiJ9",
          "dependencies": [
            "module.iam.aws_iam_instance_profile.k8s_nodes_profile",
            "module.iam.aws_iam_role.k8s_nodes_role",
            "module.instances.aws_instance.master",
            "module.instances.aws_key_pair.bastion_key",
            "module.instances.tls_private_key.bastion_key",
            "module.security_groups.aws_security_group.master",
            "module.security_groups.aws_security_group.workers",
            "module.subnets.aws_subnet.private",
            "module.vpc.aws_vpc.k8s_vpc"
          ]
        }
      ]
    },
    {
      "module": "module.instances",
      "mode": "managed",
      "type": "aws_key_pair",
      "name": "bastion_key",
      "provider": "provider[\"registry.terraform.io/hashicorp/aws\"]",
      "instances": [
        {
          "schema_version": 1,
          "attributes": {
            "arn": "arn:aws:ec2:us-east-1:808407022124:key-pair/bastion-key",
            "fingerprint": "2e:b7:e0:a4:20:1d:c6:b3:02:ff:06:6c:a6:8a:57:fe",
            "id": "bastion-key",
            "key_name": "bastion-key",
            "key_name_prefix": "",
            "key_pair_id": "key-02bdd8fea81e154f8",
            "key_type": "rsa",
            "public_key": "ssh-rsa AAAAB3NzaC1yc2EAAAADAQABAAACAQC6lvFgwyud7/tv6DMBp1O0Hq3Ul2nsophOFIfgSBSRAjjotYGJ+D1sCMYh1OBwnD8THEU0OjRN0ScwUnC7Hyb7EnAiV8lBrNR3eUMk1aVKEHB+gTyPrc/0dHCYTWwYCjaFR8zcatVfvw31Jpf1U+ybSSiOsSUXi6N1Nu9PkBWaQyLVNH+/T2PXi7wcpdtBUsPOkLC4hy5Gd57h1JmVYsAGRNijhZzllJH0fVg/xIqoTyzEZ3und7Wn9y9IvIIttlkkHxJAe80ksnAY8INJOiePqWnb3n6BZrus3cOrW4aczu0wBmcq66K6B/xGO8AHU4/EBYOk1NdtpexNf6IafwhAyrvZ6CMbeIE/8bHReH/w+28Pxt6jFSXpm8DO1JcYrSfcA7o+l8dKY5CAY5Kqa2W88DjgTX32NWfRArKaLeJ+thYxeNpusbzLlVgMo1jJ1sYmdzuZ+uj3jtyYNp/Yd1vA9AyTO4TfIn7+uUuxYo1UfJoYQBaLRMmfQwpj2PNUpUOgkYduzNHr8QcVvgcqaMa+ubTHdqme5FnCDl7Qv2Gw3HFSBckLGOhKfWNF1pqqp/JWk5dGpfHkS4iou8i9DdZe2VX2D1lB3ddUuexcSgMel2OqJLjoWuYGG7765rXNUjP+YhNZIx2YkKODsokpDttGbz84cl8Fq24xJqEAfOguEw==",
            "region": "us-east-1",
            "tags": {},
            "tags_all": {}
          },
          "sensitive_attributes": [],
          "identity_schema_version": 0,
          "private": "eyJzY2hlbWFfdmVyc2lvbiI6IjEifQ==",
          "dependencies": [
            "module.instances.tls_private_key.bastion_key"
          ]
        }
      ]
    },
    {
      "module": "module.instances",
      "mode": "managed",
      "type": "aws_volume_attachment",
      "name": "jenkins_data_attachment",
      "provider": "provider[\"registry.terraform.io/hashicorp/aws\"]",
      "instances": [
        {
          "schema_version": 0,
          "attributes": {
            "device_name": "/dev/xvdf",
            "force_detach": null,
            "id": "vai-1422733566",
            "instance_id": "i-044dd540a05517af3",
            "region": "us-east-1",
            "skip_destroy": null,
            "stop_instance_before_detaching": null,
            "timeouts": null,
            "volume_id": "vol-0269ae7745f1973fe"
          },
          "sensitive_attributes": [],
          "identity_schema_version": 0,
          "private": "eyJlMmJmYjczMC1lY2FhLTExZTYtOGY4OC0zNDM2M2JjN2M0YzAiOnsiY3JlYXRlIjozMDAwMDAwMDAwMDAsImRlbGV0ZSI6MzAwMDAwMDAwMDAwfX0=",
          "dependencies": [
            "module.iam.aws_iam_instance_profile.jenkins_profile",
            "module.iam.aws_iam_role.jenkins_role",
            "module.instances.aws_ebs_volume.jenkins_data",
            "module.instances.aws_instance.bastion",
            "module.instances.aws_instance.jenkins",
            "module.instances.aws_key_pair.bastion_key",
            "module.instances.tls_private_key.bastion_key",
            "module.security_groups.aws_security_group.bastion-sg",
            "module.security_groups.aws_security_group.jenkins",
            "module.subnets.aws_subnet.public",
            "module.vpc.aws_vpc.k8s_vpc"
          ]
        }
      ]
    },
    {
      "module": "module.instances",
      "mode": "managed",
      "type": "tls_private_key",
      "name": "bastion_key",
      "provider": "provider[\"registry.terraform.io/hashicorp/tls\"]",
      "instances": [
        {
          "schema_version": 1,
          "attributes": {
            "algorithm": "RSA",
            "ecdsa_curve": "P224",
            "id": "acbc6109747879acaf1f5c9d7d86e24381fc96f2",
            "private_key_openssh": "-----BEGIN OPENSSH PRIVATE KEY-----\nb3BlbnNzaC1rZXktdjEAAAAABG5vbmUAAAAEbm9uZQAAAAAAAAABAAACFwAAAAdz\nc2gtcnNhAAAAAwEAAQAAAgEAupbxYMMrne/7b+gzAadTtB6t1Jdp7KKYThSH4EgU\nkQI46LWBifg9bAjGIdTgcJw/ExxFNDo0TdEnMFJwux8m+xJwIlfJQazUd3lDJNWl\nShBwfoE8j63P9HRwmE1sGAo2hUfM3GrVX78N9SaX9VPsm0kojrElF4ujdTbvT5AV\nmkMi1TR/v09j14u8HKXbQVLDzpCwuIcuRnee4dSZlWLABkTYo4Wc5ZSR9H1YP8SK\nqE8sxGd7p3e1p/cvSLyCLbZZJB8SQHvNJLJwGPCDSTonj6lp295+gWa7rN3Dq1uG\nnM7tMAZnKuuiugf8RjvAB1OPxAWDpNTXbaXsTX+iGn8IQMq72egjG3iBP/Gx0Xh/\n8PtvD8beoxUl6ZvAztSXGK0n3AO6PpfHSmOQgGOSqmtlvPA44E199jVn0QKymi3i\nfrYWMXjabrG8y5VYDKNYydbGJnc7mfro947cmDaf2HdbwPQMkzuE3yJ+/rlLsWKN\nVHyaGEAWi0TJn0MKY9jzVKVDoJGHbszR6/EHFb4HKmjGvrm0x3apnuRZwg5e0L9h\nsNxxUgXJCxjoSn1jRdaaqqfyVpOXRqXx5EuIqLvIvQ3WXtlV9g9ZQd3XVLnsXEoD\nHpdjqiS46FrmBhu++ua1zVIz/mITWSMdmJCjg7KJKQ7bRm8/OHJfBatuMSahAHzo\nLhMAAAc4jQ6MgY0OjIEAAAAHc3NoLXJzYQAAAgEAupbxYMMrne/7b+gzAadTtB6t\n1Jdp7KKYThSH4EgUkQI46LWBifg9bAjGIdTgcJw/ExxFNDo0TdEnMFJwux8m+xJw\nIlfJQazUd3lDJNWlShBwfoE8j63P9HRwmE1sGAo2hUfM3GrVX78N9SaX9VPsm0ko\njrElF4ujdTbvT5AVmkMi1TR/v09j14u8HKXbQVLDzpCwuIcuRnee4dSZlWLABkTY\no4Wc5ZSR9H1YP8SKqE8sxGd7p3e1p/cvSLyCLbZZJB8SQHvNJLJwGPCDSTonj6lp\n295+gWa7rN3Dq1uGnM7tMAZnKuuiugf8RjvAB1OPxAWDpNTXbaXsTX+iGn8IQMq7\n2egjG3iBP/Gx0Xh/8PtvD8beoxUl6ZvAztSXGK0n3AO6PpfHSmOQgGOSqmtlvPA4\n4E199jVn0QKymi3ifrYWMXjabrG8y5VYDKNYydbGJnc7mfro947cmDaf2HdbwPQM\nkzuE3yJ+/rlLsWKNVHyaGEAWi0TJn0MKY9jzVKVDoJGHbszR6/EHFb4HKmjGvrm0\nx3apnuRZwg5e0L9hsNxxUgXJCxjoSn1jRdaaqqfyVpOXRqXx5EuIqLvIvQ3WXtlV\n9g9ZQd3XVLnsXEoDHpdjqiS46FrmBhu++ua1zVIz/mITWSMdmJCjg7KJKQ7bRm8/\nOHJfBatuMSahAHzoLhMAAAADAQABAAACACVGh1Up2FpWeXgrPplbeKzYniiE0Svt\ndZjPoC9tpvIrK/xNWmIaPgcJn69djDLi+/TQ5oBfCljrajVMmum++PYagl1SBUpC\nATYW+xNuPPWVYCvdnKAlfJBc/KtoeCo7TBYHOIVmMFdO3zZ07dGcYP3KuTf8aqkQ\nA+kkPt25rp8hP2Gxeb3Z2dvTNhLRDYK4ypZHMI7Errl0J0D9TGtcDXmTImZUiHoS\n2q+ppMokdQDXxF0+QSU9FITILGGPC0Cfl6JQNMC+Gsb0gNFypv+nhwS7twKuKb6n\nK+IGcZMXl0ZXTmoUNWMNLPaWJs9PG3c7OdLSuTBiNuFYTuNSlqtNanPTXr6eCZMY\nCkF0hVW07uj4RA8rdvwkloSHNJD70HCnZziAqe1SQVc2C8WgFp21Qj5Aq7fHE6v2\naF3I7TwX4Ejo5sL0fvNUdDUYr5lGwvjazpvBd7e28B7+7H2K22Gd3UL5mclQhMRT\nOWsDK1fSL9eOEak2Rsp3TTtzoR8WZnn4oqnu7vwZNxsBpa6NsAWeIhgNHAQqtnTr\nTIjJuiAhahKTmKHV8+fyPkLJPXypSQHd6wXecjswC7jHgmjr8JRi/9g8Mt5mvRrP\nysaxzYpKAQUaXhxDjrqzmMM4E45sSZHlbAvWnAbb/NSmxXnsSfw4jW+9EpKglJxh\nCfGb1IzEUpl5AAABAD+UPnNK7qMEgTQi8JHjVAPCuARNgEigDmVrTpogECF9B6gr\nC8oPKM1zQmx63w/S/YUaUDd9gK1Zwxchd1ikQyIILYldYJdi645YJ73cpDRVPc/T\ncdLgyXKm3EzeAB0WmtmpPbCZPFvUToNqR/FugzzT/qWmy0PeNYjMdBjLGq75l8hd\nplLvaUc6IyNexmJjqGpeyI82opkek0z6DlDwR1H++vwRu955nGjXiKq898uc+swn\nt5stVAH49kATpuVfF0fMvxAj+YmpUZd8qw5R2BC/5SfFVjNtRNLp+sLtrGmOV0Cy\ni9OdmTHHQ8tj0C3pyYpeVosy+msQqXuquGajbJEAAAEBAMTUARGmrY9IPyANeV9h\nPZifBTWW7PrlovNs3rSWIeH1mOVktUhJgUj+C2is7j5QWklo1CNpJxkZQSZZOysi\nXh7NRg8PMSGXQ+8XGDukCp3wiN619+qHz7Ihn1GyC9A80wrl0Nh1oHYa1T3EAucz\nOKRvKd8+dhoUyuxJBE8NAL5vVzks4UVBVXVX0vlLhGNTklKjRLVar+D8jJTnpOvE\n5s/KONb1wVzhGxoxBLZ/SeDfmsEPLGbnvLd9vvRAvWcJpZcLHvakuEEcx+KPEpr5\nIqxhQRWIbf+UOQPN8WhGt8+iMNxjDe/ue6rHi8le2TEVBpWIYohIm8PNXSEurwHI\nAUsAAAEBAPKu+hKeO/XO3l7ecSP4O1N2fS2Qzw0MrsOaS+Fx4l+eAIXKl34m31GE\nURBIqxlOc3qS/mSnYP7LccC9WJ1cIHNQPDs11ooLl3NS2zutXQU+fORAgk57zthy\nz9hoFeTryAd2p7/i/T+muekPWftxEbo1P++Si/1b0YQjCX6WQo5KMNpVx//aGntR\ntug69oxLVIqTXign2CGEGTSK0K2+Zr7MM60BzphtbZiNNTtU2gTBfpAZBy+usrHU\nBN0PLFQ7XFnmmVDuJmbCnblQ/LE2kC6jwroYFI52KfRodUiprmqCruEct3wzoH+h\n+soqXtViDaC/7IZQE6meaRbgB36FUVkAAAAAAQID\n-----END OPENSSH PRIVATE KEY-----\n",
            "private_key_pem": "-----BEGIN RSA PRIVATE KEY-----\nMIIJKAIBAAKCAgEAupbxYMMrne/7b+gzAadTtB6t1Jdp7KKYThSH4EgUkQI46LWB\nifg9bAjGIdTgcJw/ExxFNDo0TdEnMFJwux8m+xJwIlfJQazUd3lDJNWlShBwfoE8\nj63P9HRwmE1sGAo2hUfM3GrVX78N9SaX9VPsm0kojrElF4ujdTbvT5AVmkMi1TR/\nv09j14u8HKXbQVLDzpCwuIcuRnee4dSZlWLABkTYo4Wc5ZSR9H1YP8SKqE8sxGd7\np3e1p/cvSLyCLbZZJB8SQHvNJLJwGPCDSTonj6lp295+gWa7rN3Dq1uGnM7tMAZn\nKuuiugf8RjvAB1OPxAWDpNTXbaXsTX+iGn8IQMq72egjG3iBP/Gx0Xh/8PtvD8be\noxUl6ZvAztSXGK0n3AO6PpfHSmOQgGOSqmtlvPA44E199jVn0QKymi3ifrYWMXja\nbrG8y5VYDKNYydbGJnc7mfro947cmDaf2HdbwPQMkzuE3yJ+/rlLsWKNVHyaGEAW\ni0TJn0MKY9jzVKVDoJGHbszR6/EHFb4HKmjGvrm0x3apnuRZwg5e0L9hsNxxUgXJ\nCxjoSn1jRdaaqqfyVpOXRqXx5EuIqLvIvQ3WXtlV9g9ZQd3XVLnsXEoDHpdjqiS4\n6FrmBhu++ua1zVIz/mITWSMdmJCjg7KJKQ7bRm8/OHJfBatuMSahAHzoLhMCAwEA\nAQKCAgAlRodVKdhaVnl4Kz6ZW3is2J4ohNEr7XWYz6AvbabyKyv8TVpiGj4HCZ+v\nXYwy4vv00OaAXwpY62o1TJrpvvj2GoJdUgVKQgE2FvsTbjz1lWAr3ZygJXyQXPyr\naHgqO0wWBziFZjBXTt82dO3RnGD9yrk3/GqpEAPpJD7dua6fIT9hsXm92dnb0zYS\n0Q2CuMqWRzCOxK65dCdA/UxrXA15kyJmVIh6EtqvqaTKJHUA18RdPkElPRSEyCxh\njwtAn5eiUDTAvhrG9IDRcqb/p4cEu7cCrim+pyviBnGTF5dGV05qFDVjDSz2libP\nTxt3OznS0rkwYjbhWE7jUparTWpz016+ngmTGApBdIVVtO7o+EQPK3b8JJaEhzSQ\n+9Bwp2c4gKntUkFXNgvFoBadtUI+QKu3xxOr9mhdyO08F+BI6ObC9H7zVHQ1GK+Z\nRsL42s6bwXe3tvAe/ux9itthnd1C+ZnJUITEUzlrAytX0i/XjhGpNkbKd007c6Ef\nFmZ5+KKp7u78GTcbAaWujbAFniIYDRwEKrZ060yIybogIWoSk5ih1fPn8j5CyT18\nqUkB3esF3nI7MAu4x4Jo6/CUYv/YPDLeZr0az8rGsc2KSgEFGl4cQ466s5jDOBOO\nbEmR5WwL1pwG2/zUpsV57En8OI1vvRKSoJScYQnxm9SMxFKZeQKCAQEAxNQBEaat\nj0g/IA15X2E9mJ8FNZbs+uWi82zetJYh4fWY5WS1SEmBSP4LaKzuPlBaSWjUI2kn\nGRlBJlk7KyJeHs1GDw8xIZdD7xcYO6QKnfCI3rX36ofPsiGfUbIL0DzTCuXQ2HWg\ndhrVPcQC5zM4pG8p3z52GhTK7EkETw0Avm9XOSzhRUFVdVfS+UuEY1OSUqNEtVqv\n4PyMlOek68Tmz8o41vXBXOEbGjEEtn9J4N+awQ8sZue8t32+9EC9Zwmllwse9qS4\nQRzH4o8SmvkirGFBFYht/5Q5A83xaEa3z6Iw3GMN7+57qseLyV7ZMRUGlYhiiEib\nw81dIS6vAcgBSwKCAQEA8q76Ep479c7eXt5xI/g7U3Z9LZDPDQyuw5pL4XHiX54A\nhcqXfibfUYRREEirGU5zepL+ZKdg/stxwL1YnVwgc1A8OzXWiguXc1LbO61dBT58\n5ECCTnvO2HLP2GgV5OvIB3anv+L9P6a56Q9Z+3ERujU/75KL/VvRhCMJfpZCjkow\n2lXH/9oae1G26Dr2jEtUipNeKCfYIYQZNIrQrb5mvswzrQHOmG1tmI01O1TaBMF+\nkBkHL66ysdQE3Q8sVDtcWeaZUO4mZsKduVD8sTaQLqPCuhgUjnYp9Gh1SKmuaoKu\n4Ry3fDOgf6H6yipe1WINoL/shlATqZ5pFuAHfoVRWQKCAQAMSJbQfTBzsrSN0Ylz\nlGP9tF7k20hq2A31VyQG7R+sNGGYX1KY8k1pOsGHhNNRfD5GOo6SrytLe7H/LK5u\noLRzA6iNpAsS55fLwgs3HaOz+6DvFTgloNgra8G/nXbzRfh9w53nBGBBPqd0NVlh\nCGdOi8l3LzS7p/SKDnyAWnVjbRtqbAya/9rPee2mtTnL4RlOovXUw5YaWmiDmnlG\nZYFqElq9v5STsVC5r7l1kjgQGqRTzBifS3MRmH1kTO4FEisNZBpIljsRhTRMRVWJ\n6mZpj6A6Mct7mcp9HEsmkNND2AFon53tDVsWa2Gj7ZFsaL2Cc4KCstVVwOlA+uLd\nH5hFAoIBAQDVJu6qT6Tmf2488S96olqpMhc8YEYbdhpB31Hqj7Z+uS5IVOq+eLII\nzSjOHqV5Mrim3ljmW0UMRfCBk00z2Wj/H2fnsZ/f29KIDixUvC5JntrfN/G7sW66\nGg2IS9N/H8CvHX61QU+iCnSbyUoFWQhy/rZLW/Hs9CqP3p5GOv/2Lh++hT2G8S/1\nRI5cZv2Jt9hnZox6xJRGy9m/lnU3RVbFGmIBAOdOZj6ukMhCdoKPTsw1EGaJcO2u\n10P2TY9n5EN3Ct16gdHky+bwj7uCgyQccuVjwia8AflTnDP3QGHbVzD2s9xNEKNV\ntxWpX5Gv5dGGcUvzpH3Aq0wuNVMfw0TxAoIBAD+UPnNK7qMEgTQi8JHjVAPCuARN\ngEigDmVrTpogECF9B6grC8oPKM1zQmx63w/S/YUaUDd9gK1Zwxchd1ikQyIILYld\nYJdi645YJ73cpDRVPc/TcdLgyXKm3EzeAB0WmtmpPbCZPFvUToNqR/FugzzT/qWm\ny0PeNYjMdBjLGq75l8hdplLvaUc6IyNexmJjqGpeyI82opkek0z6DlDwR1H++vwR\nu955nGjXiKq898uc+swnt5stVAH49kATpuVfF0fMvxAj+YmpUZd8qw5R2BC/5SfF\nVjNtRNLp+sLtrGmOV0Cyi9OdmTHHQ8tj0C3pyYpeVosy+msQqXuquGajbJE=\n-----END RSA PRIVATE KEY-----\n",
            "private_key_pem_pkcs8": "-----BEGIN PRIVATE KEY-----\nMIIJQgIBADANBgkqhkiG9w0BAQEFAASCCSwwggkoAgEAAoICAQC6lvFgwyud7/tv\n6DMBp1O0Hq3Ul2nsophOFIfgSBSRAjjotYGJ+D1sCMYh1OBwnD8THEU0OjRN0Scw\nUnC7Hyb7EnAiV8lBrNR3eUMk1aVKEHB+gTyPrc/0dHCYTWwYCjaFR8zcatVfvw31\nJpf1U+ybSSiOsSUXi6N1Nu9PkBWaQyLVNH+/T2PXi7wcpdtBUsPOkLC4hy5Gd57h\n1JmVYsAGRNijhZzllJH0fVg/xIqoTyzEZ3und7Wn9y9IvIIttlkkHxJAe80ksnAY\n8INJOiePqWnb3n6BZrus3cOrW4aczu0wBmcq66K6B/xGO8AHU4/EBYOk1NdtpexN\nf6IafwhAyrvZ6CMbeIE/8bHReH/w+28Pxt6jFSXpm8DO1JcYrSfcA7o+l8dKY5CA\nY5Kqa2W88DjgTX32NWfRArKaLeJ+thYxeNpusbzLlVgMo1jJ1sYmdzuZ+uj3jtyY\nNp/Yd1vA9AyTO4TfIn7+uUuxYo1UfJoYQBaLRMmfQwpj2PNUpUOgkYduzNHr8QcV\nvgcqaMa+ubTHdqme5FnCDl7Qv2Gw3HFSBckLGOhKfWNF1pqqp/JWk5dGpfHkS4io\nu8i9DdZe2VX2D1lB3ddUuexcSgMel2OqJLjoWuYGG7765rXNUjP+YhNZIx2YkKOD\nsokpDttGbz84cl8Fq24xJqEAfOguEwIDAQABAoICACVGh1Up2FpWeXgrPplbeKzY\nniiE0SvtdZjPoC9tpvIrK/xNWmIaPgcJn69djDLi+/TQ5oBfCljrajVMmum++PYa\ngl1SBUpCATYW+xNuPPWVYCvdnKAlfJBc/KtoeCo7TBYHOIVmMFdO3zZ07dGcYP3K\nuTf8aqkQA+kkPt25rp8hP2Gxeb3Z2dvTNhLRDYK4ypZHMI7Errl0J0D9TGtcDXmT\nImZUiHoS2q+ppMokdQDXxF0+QSU9FITILGGPC0Cfl6JQNMC+Gsb0gNFypv+nhwS7\ntwKuKb6nK+IGcZMXl0ZXTmoUNWMNLPaWJs9PG3c7OdLSuTBiNuFYTuNSlqtNanPT\nXr6eCZMYCkF0hVW07uj4RA8rdvwkloSHNJD70HCnZziAqe1SQVc2C8WgFp21Qj5A\nq7fHE6v2aF3I7TwX4Ejo5sL0fvNUdDUYr5lGwvjazpvBd7e28B7+7H2K22Gd3UL5\nmclQhMRTOWsDK1fSL9eOEak2Rsp3TTtzoR8WZnn4oqnu7vwZNxsBpa6NsAWeIhgN\nHAQqtnTrTIjJuiAhahKTmKHV8+fyPkLJPXypSQHd6wXecjswC7jHgmjr8JRi/9g8\nMt5mvRrPysaxzYpKAQUaXhxDjrqzmMM4E45sSZHlbAvWnAbb/NSmxXnsSfw4jW+9\nEpKglJxhCfGb1IzEUpl5AoIBAQDE1AERpq2PSD8gDXlfYT2YnwU1luz65aLzbN60\nliHh9ZjlZLVISYFI/gtorO4+UFpJaNQjaScZGUEmWTsrIl4ezUYPDzEhl0PvFxg7\npAqd8Ijetffqh8+yIZ9RsgvQPNMK5dDYdaB2GtU9xALnMzikbynfPnYaFMrsSQRP\nDQC+b1c5LOFFQVV1V9L5S4RjU5JSo0S1Wq/g/IyU56TrxObPyjjW9cFc4RsaMQS2\nf0ng35rBDyxm57y3fb70QL1nCaWXCx72pLhBHMfijxKa+SKsYUEViG3/lDkDzfFo\nRrfPojDcYw3v7nuqx4vJXtkxFQaViGKISJvDzV0hLq8ByAFLAoIBAQDyrvoSnjv1\nzt5e3nEj+DtTdn0tkM8NDK7DmkvhceJfngCFypd+Jt9RhFEQSKsZTnN6kv5kp2D+\ny3HAvVidXCBzUDw7NdaKC5dzUts7rV0FPnzkQIJOe87Ycs/YaBXk68gHdqe/4v0/\nprnpD1n7cRG6NT/vkov9W9GEIwl+lkKOSjDaVcf/2hp7UbboOvaMS1SKk14oJ9gh\nhBk0itCtvma+zDOtAc6YbW2YjTU7VNoEwX6QGQcvrrKx1ATdDyxUO1xZ5plQ7iZm\nwp25UPyxNpAuo8K6GBSOdin0aHVIqa5qgq7hHLd8M6B/ofrKKl7VYg2gv+yGUBOp\nnmkW4Ad+hVFZAoIBAAxIltB9MHOytI3RiXOUY/20XuTbSGrYDfVXJAbtH6w0YZhf\nUpjyTWk6wYeE01F8PkY6jpKvK0t7sf8srm6gtHMDqI2kCxLnl8vCCzcdo7P7oO8V\nOCWg2Ctrwb+ddvNF+H3DnecEYEE+p3Q1WWEIZ06LyXcvNLun9IoOfIBadWNtG2ps\nDJr/2s957aa1OcvhGU6i9dTDlhpaaIOaeUZlgWoSWr2/lJOxULmvuXWSOBAapFPM\nGJ9LcxGYfWRM7gUSKw1kGkiWOxGFNExFVYnqZmmPoDoxy3uZyn0cSyaQ00PYAWif\nne0NWxZrYaPtkWxovYJzgoKy1VXA6UD64t0fmEUCggEBANUm7qpPpOZ/bjzxL3qi\nWqkyFzxgRht2GkHfUeqPtn65LkhU6r54sgjNKM4epXkyuKbeWOZbRQxF8IGTTTPZ\naP8fZ+exn9/b0ogOLFS8Lkme2t838buxbroaDYhL038fwK8dfrVBT6IKdJvJSgVZ\nCHL+tktb8ez0Ko/enkY6//YuH76FPYbxL/VEjlxm/Ym32GdmjHrElEbL2b+WdTdF\nVsUaYgEA505mPq6QyEJ2go9OzDUQZolw7a7XQ/ZNj2fkQ3cK3XqB0eTL5vCPu4KD\nJBxy5WPCJrwB+VOcM/dAYdtXMPaz3E0Qo1W3Falfka/l0YZxS/OkfcCrTC41Ux/D\nRPECggEAP5Q+c0ruowSBNCLwkeNUA8K4BE2ASKAOZWtOmiAQIX0HqCsLyg8ozXNC\nbHrfD9L9hRpQN32ArVnDFyF3WKRDIggtiV1gl2LrjlgnvdykNFU9z9Nx0uDJcqbc\nTN4AHRaa2ak9sJk8W9ROg2pH8W6DPNP+pabLQ941iMx0GMsarvmXyF2mUu9pRzoj\nI17GYmOoal7IjzaimR6TTPoOUPBHUf76/BG73nmcaNeIqrz3y5z6zCe3my1UAfj2\nQBOm5V8XR8y/ECP5ialRl3yrDlHYEL/lJ8VWM21E0un6wu2saY5XQLKL052ZMcdD\ny2PQLenJil5WizL6axCpe6q4ZqNskQ==\n-----END PRIVATE KEY-----\n",
            "public_key_fingerprint_md5": "76:99:e5:41:ab:cc:f5:54:06:ce:07:70:5a:49:10:33",
            "public_key_fingerprint_sha256": "SHA256:Uhj5eCItOY/7KdlQ0+yzLFWIFBIdz//UtLT8iCUAHtM",
            "public_key_openssh": "ssh-rsa AAAAB3NzaC1yc2EAAAADAQABAAACAQC6lvFgwyud7/tv6DMBp1O0Hq3Ul2nsophOFIfgSBSRAjjotYGJ+D1sCMYh1OBwnD8THEU0OjRN0ScwUnC7Hyb7EnAiV8lBrNR3eUMk1aVKEHB+gTyPrc/0dHCYTWwYCjaFR8zcatVfvw31Jpf1U+ybSSiOsSUXi6N1Nu9PkBWaQyLVNH+/T2PXi7wcpdtBUsPOkLC4hy5Gd57h1JmVYsAGRNijhZzllJH0fVg/xIqoTyzEZ3und7Wn9y9IvIIttlkkHxJAe80ksnAY8INJOiePqWnb3n6BZrus3cOrW4aczu0wBmcq66K6B/xGO8AHU4/EBYOk1NdtpexNf6IafwhAyrvZ6CMbeIE/8bHReH/w+28Pxt6jFSXpm8DO1JcYrSfcA7o+l8dKY5CAY5Kqa2W88DjgTX32NWfRArKaLeJ+thYxeNpusbzLlVgMo1jJ1sYmdzuZ+uj3jtyYNp/Yd1vA9AyTO4TfIn7+uUuxYo1UfJoYQBaLRMmfQwpj2PNUpUOgkYduzNHr8QcVvgcqaMa+ubTHdqme5FnCDl7Qv2Gw3HFSBckLGOhKfWNF1pqqp/JWk5dGpfHkS4iou8i9DdZe2VX2D1lB3ddUuexcSgMel2OqJLjoWuYGG7765rXNUjP+YhNZIx2YkKODsokpDttGbz84cl8Fq24xJqEAfOguEw==\n",
            "public_key_pem": "-----BEGIN PUBLIC KEY-----\nMIICIjANBgkqhkiG9w0BAQEFAAOCAg8AMIICCgKCAgEAupbxYMMrne/7b+gzAadT\ntB6t1Jdp7KKYThSH4EgUkQI46LWBifg9bAjGIdTgcJw/ExxFNDo0TdEnMFJwux8m\n+xJwIlfJQazUd3lDJNWlShBwfoE8j63P9HRwmE1sGAo2hUfM3GrVX78N9SaX9VPs\nm0kojrElF4ujdTbvT5AVmkMi1TR/v09j14u8HKXbQVLDzpCwuIcuRnee4dSZlWLA\nBkTYo4Wc5ZSR9H1YP8SKqE8sxGd7p3e1p/cvSLyCLbZZJB8SQHvNJLJwGPCDSTon\nj6lp295+gWa7rN3Dq1uGnM7tMAZnKuuiugf8RjvAB1OPxAWDpNTXbaXsTX+iGn8I\nQMq72egjG3iBP/Gx0Xh/8PtvD8beoxUl6ZvAztSXGK0n3AO6PpfHSmOQgGOSqmtl\nvPA44E199jVn0QKymi3ifrYWMXjabrG8y5VYDKNYydbGJnc7mfro947cmDaf2Hdb\nwPQMkzuE3yJ+/rlLsWKNVHyaGEAWi0TJn0MKY9jzVKVDoJGHbszR6/EHFb4HKmjG\nvrm0x3apnuRZwg5e0L9hsNxxUgXJCxjoSn1jRdaaqqfyVpOXRqXx5EuIqLvIvQ3W\nXtlV9g9ZQd3XVLnsXEoDHpdjqiS46FrmBhu++ua1zVIz/mITWSMdmJCjg7KJKQ7b\nRm8/OHJfBatuMSahAHzoLhMCAwEAAQ==\n-----END PUBLIC KEY-----\n",
            "rsa_bits": 4096
          },
          "sensitive_attributes": [
            [
              {
                "type": "get_attr",
                "value": "private_key_openssh"
              }
            ],
            [
              {
                "type": "get_attr",
                "value": "private_key_pem"
              }
            ],
            [
              {
                "type": "get_attr",
                "value": "private_key_pem_pkcs8"
              }
            ]
          ],
          "identity_schema_version": 0
        }
      ]
    },
    {
      "module": "module.natgw",
      "mode": "managed",
      "type": "aws_eip",
      "name": "natgw_eip",
      "provider": "provider[\"registry.terraform.io/hashicorp/aws\"]",
      "instances": [
        {
          "schema_version": 0,
          "attributes": {
            "address": null,
            "allocation_id": "eipalloc-0e962606ce54f0a6c",
            "arn": "arn:aws:ec2:us-east-1:808407022124:elastic-ip/eipalloc-0e962606ce54f0a6c",
            "associate_with_private_ip": null,
            "association_id": "eipassoc-086a5e3cfe1dafcea",
            "carrier_ip": "",
            "customer_owned_ip": "",
            "customer_owned_ipv4_pool": "",
            "domain": "vpc",
            "id": "eipalloc-0e962606ce54f0a6c",
            "instance": "",
            "ipam_pool_id": null,
            "network_border_group": "us-east-1",
            "network_interface": "eni-0a64ff34477cf9bd0",
            "private_dns": "ip-192-168-10-223.ec2.internal",
            "private_ip": "192.168.10.223",
            "ptr_record": "",
            "public_dns": "ec2-52-23-75-162.compute-1.amazonaws.com",
            "public_ip": "52.23.75.162",
            "public_ipv4_pool": "amazon",
            "region": "us-east-1",
            "tags": {
              "Name": "natgw_eip"
            },
            "tags_all": {
              "Name": "natgw_eip"
            },
            "timeouts": null
          },
          "sensitive_attributes": [],
          "identity_schema_version": 0,
          "private": "eyJlMmJmYjczMC1lY2FhLTExZTYtOGY4OC0zNDM2M2JjN2M0YzAiOnsiZGVsZXRlIjoxODAwMDAwMDAwMDAsInJlYWQiOjkwMDAwMDAwMDAwMCwidXBkYXRlIjozMDAwMDAwMDAwMDB9fQ=="
        }
      ]
    },
    {
      "module": "module.natgw",
      "mode": "managed",
      "type": "aws_nat_gateway",
      "name": "natgw",
      "provider": "provider[\"registry.terraform.io/hashicorp/aws\"]",
      "instances": [
        {
          "schema_version": 0,
          "attributes": {
            "allocation_id": "eipalloc-0e962606ce54f0a6c",
            "association_id": "eipassoc-086a5e3cfe1dafcea",
            "connectivity_type": "public",
            "id": "nat-018ac73ba9e14034e",
            "network_interface_id": "eni-0a64ff34477cf9bd0",
            "private_ip": "192.168.10.223",
            "public_ip": "52.23.75.162",
            "region": "us-east-1",
            "secondary_allocation_ids": [],
            "secondary_private_ip_address_count": 0,
            "secondary_private_ip_addresses": [],
            "subnet_id": "subnet-07357a35dbc5c0319",
            "tags": {
              "Name": "natgw"
            },
            "tags_all": {
              "Name": "natgw"
            },
            "timeouts": null
          },
          "sensitive_attributes": [],
          "identity_schema_version": 0,
          "private": "eyJlMmJmYjczMC1lY2FhLTExZTYtOGY4OC0zNDM2M2JjN2M0YzAiOnsiY3JlYXRlIjo2MDAwMDAwMDAwMDAsImRlbGV0ZSI6MTgwMDAwMDAwMDAwMCwidXBkYXRlIjo2MDAwMDAwMDAwMDB9fQ==",
          "dependencies": [
            "module.natgw.aws_eip.natgw_eip",
            "module.subnets.aws_subnet.public",
            "module.vpc.aws_vpc.k8s_vpc"
          ]
        }
      ]
    },
    {
      "module": "module.route53",
      "mode": "managed",
      "type": "aws_route53_record",
      "name": "bastion",
      "provider": "provider[\"registry.terraform.io/hashicorp/aws\"]",
      "instances": [
        {
          "schema_version": 2,
          "attributes": {
            "alias": [],
            "allow_overwrite": null,
            "cidr_routing_policy": [],
            "failover_routing_policy": [],
            "fqdn": "bastion.k8s.com",
            "geolocation_routing_policy": [],
            "geoproximity_routing_policy": [],
            "health_check_id": "",
            "id": "Z008601132ZNXRG8AVRZT_bastion.k8s.com_A",
            "latency_routing_policy": [],
            "multivalue_answer_routing_policy": false,
            "name": "bastion.k8s.com",
            "records": [
              "3.219.41.214"
            ],
            "set_identifier": "",
            "timeouts": null,
            "ttl": 300,
            "type": "A",
            "weighted_routing_policy": [],
            "zone_id": "Z008601132ZNXRG8AVRZT"
          },
          "sensitive_attributes": [],
          "identity_schema_version": 0,
          "identity": {
            "account_id": "808407022124",
            "name": "bastion.k8s.com",
            "set_identifier": null,
            "type": "A",
            "zone_id": "Z008601132ZNXRG8AVRZT"
          },
          "private": "eyJlMmJmYjczMC1lY2FhLTExZTYtOGY4OC0zNDM2M2JjN2M0YzAiOnsiY3JlYXRlIjoxODAwMDAwMDAwMDAwLCJkZWxldGUiOjE4MDAwMDAwMDAwMDAsInVwZGF0ZSI6MTgwMDAwMDAwMDAwMH0sInNjaGVtYV92ZXJzaW9uIjoiMiJ9",
          "dependencies": [
            "module.instances.aws_instance.bastion",
            "module.instances.aws_key_pair.bastion_key",
            "module.instances.tls_private_key.bastion_key",
            "module.route53.aws_route53_zone.k8s_private_zone",
            "module.security_groups.aws_security_group.bastion-sg",
            "module.subnets.aws_subnet.public",
            "module.vpc.aws_vpc.k8s_vpc"
          ]
        }
      ]
    },
    {
      "module": "module.route53",
      "mode": "managed",
      "type": "aws_route53_record",
      "name": "k8s_master",
      "provider": "provider[\"registry.terraform.io/hashicorp/aws\"]",
      "instances": [
        {
          "schema_version": 2,
          "attributes": {
            "alias": [],
            "allow_overwrite": null,
            "cidr_routing_policy": [],
            "failover_routing_policy": [],
            "fqdn": "master.k8s.com",
            "geolocation_routing_policy": [],
            "geoproximity_routing_policy": [],
            "health_check_id": "",
            "id": "Z008601132ZNXRG8AVRZT_master.k8s.com_A",
            "latency_routing_policy": [],
            "multivalue_answer_routing_policy": false,
            "name": "master.k8s.com",
            "records": [
              "192.168.20.122"
            ],
            "set_identifier": "",
            "timeouts": null,
            "ttl": 300,
            "type": "A",
            "weighted_routing_policy": [],
            "zone_id": "Z008601132ZNXRG8AVRZT"
          },
          "sensitive_attributes": [],
          "identity_schema_version": 0,
          "identity": {
            "account_id": "808407022124",
            "name": "master.k8s.com",
            "set_identifier": null,
            "type": "A",
            "zone_id": "Z008601132ZNXRG8AVRZT"
          },
          "private": "eyJlMmJmYjczMC1lY2FhLTExZTYtOGY4OC0zNDM2M2JjN2M0YzAiOnsiY3JlYXRlIjoxODAwMDAwMDAwMDAwLCJkZWxldGUiOjE4MDAwMDAwMDAwMDAsInVwZGF0ZSI6MTgwMDAwMDAwMDAwMH0sInNjaGVtYV92ZXJzaW9uIjoiMiJ9",
          "dependencies": [
            "module.iam.aws_iam_instance_profile.k8s_nodes_profile",
            "module.iam.aws_iam_role.k8s_nodes_role",
            "module.instances.aws_instance.master",
            "module.instances.aws_key_pair.bastion_key",
            "module.instances.tls_private_key.bastion_key",
            "module.route53.aws_route53_zone.k8s_private_zone",
            "module.security_groups.aws_security_group.master",
            "module.subnets.aws_subnet.private",
            "module.vpc.aws_vpc.k8s_vpc"
          ]
        }
      ]
    },
    {
      "module": "module.route53",
      "mode": "managed",
      "type": "aws_route53_record",
      "name": "k8s_worker1",
      "provider": "provider[\"registry.terraform.io/hashicorp/aws\"]",
      "instances": [
        {
          "schema_version": 2,
          "attributes": {
            "alias": [],
            "allow_overwrite": null,
            "cidr_routing_policy": [],
            "failover_routing_policy": [],
            "fqdn": "worker1.k8s.com",
            "geolocation_routing_policy": [],
            "geoproximity_routing_policy": [],
            "health_check_id": "",
            "id": "Z008601132ZNXRG8AVRZT_worker1.k8s.com_A",
            "latency_routing_policy": [],
            "multivalue_answer_routing_policy": false,
            "name": "worker1.k8s.com",
            "records": [
              "192.168.20.31"
            ],
            "set_identifier": "",
            "timeouts": null,
            "ttl": 300,
            "type": "A",
            "weighted_routing_policy": [],
            "zone_id": "Z008601132ZNXRG8AVRZT"
          },
          "sensitive_attributes": [],
          "identity_schema_version": 0,
          "identity": {
            "account_id": "808407022124",
            "name": "worker1.k8s.com",
            "set_identifier": null,
            "type": "A",
            "zone_id": "Z008601132ZNXRG8AVRZT"
          },
          "private": "eyJlMmJmYjczMC1lY2FhLTExZTYtOGY4OC0zNDM2M2JjN2M0YzAiOnsiY3JlYXRlIjoxODAwMDAwMDAwMDAwLCJkZWxldGUiOjE4MDAwMDAwMDAwMDAsInVwZGF0ZSI6MTgwMDAwMDAwMDAwMH0sInNjaGVtYV92ZXJzaW9uIjoiMiJ9",
          "dependencies": [
            "module.iam.aws_iam_instance_profile.k8s_nodes_profile",
            "module.iam.aws_iam_role.k8s_nodes_role",
            "module.instances.aws_instance.master",
            "module.instances.aws_instance.worker",
            "module.instances.aws_key_pair.bastion_key",
            "module.instances.tls_private_key.bastion_key",
            "module.route53.aws_route53_zone.k8s_private_zone",
            "module.security_groups.aws_security_group.master",
            "module.security_groups.aws_security_group.workers",
            "module.subnets.aws_subnet.private",
            "module.vpc.aws_vpc.k8s_vpc"
          ]
        }
      ]
    },
    {
      "module": "module.route53",
      "mode": "managed",
      "type": "aws_route53_record",
      "name": "k8s_worker2",
      "provider": "provider[\"registry.terraform.io/hashicorp/aws\"]",
      "instances": [
        {
          "schema_version": 2,
          "attributes": {
            "alias": [],
            "allow_overwrite": null,
            "cidr_routing_policy": [],
            "failover_routing_policy": [],
            "fqdn": "worker2.k8s.com",
            "geolocation_routing_policy": [],
            "geoproximity_routing_policy": [],
            "health_check_id": "",
            "id": "Z008601132ZNXRG8AVRZT_worker2.k8s.com_A",
            "latency_routing_policy": [],
            "multivalue_answer_routing_policy": false,
            "name": "worker2.k8s.com",
            "records": [
              "192.168.20.55"
            ],
            "set_identifier": "",
            "timeouts": null,
            "ttl": 300,
            "type": "A",
            "weighted_routing_policy": [],
            "zone_id": "Z008601132ZNXRG8AVRZT"
          },
          "sensitive_attributes": [],
          "identity_schema_version": 0,
          "identity": {
            "account_id": "808407022124",
            "name": "worker2.k8s.com",
            "set_identifier": null,
            "type": "A",
            "zone_id": "Z008601132ZNXRG8AVRZT"
          },
          "private": "eyJlMmJmYjczMC1lY2FhLTExZTYtOGY4OC0zNDM2M2JjN2M0YzAiOnsiY3JlYXRlIjoxODAwMDAwMDAwMDAwLCJkZWxldGUiOjE4MDAwMDAwMDAwMDAsInVwZGF0ZSI6MTgwMDAwMDAwMDAwMH0sInNjaGVtYV92ZXJzaW9uIjoiMiJ9",
          "dependencies": [
            "module.iam.aws_iam_instance_profile.k8s_nodes_profile",
            "module.iam.aws_iam_role.k8s_nodes_role",
            "module.instances.aws_instance.master",
            "module.instances.aws_instance.worker",
            "module.instances.aws_key_pair.bastion_key",
            "module.instances.tls_private_key.bastion_key",
            "module.route53.aws_route53_zone.k8s_private_zone",
            "module.security_groups.aws_security_group.master",
            "module.security_groups.aws_security_group.workers",
            "module.subnets.aws_subnet.private",
            "module.vpc.aws_vpc.k8s_vpc"
          ]
        }
      ]
    },
    {
      "module": "module.route53",
      "mode": "managed",
      "type": "aws_route53_zone",
      "name": "k8s_private_zone",
      "provider": "provider[\"registry.terraform.io/hashicorp/aws\"]",
      "instances": [
        {
          "schema_version": 0,
          "attributes": {
            "arn": "arn:aws:route53:::hostedzone/Z008601132ZNXRG8AVRZT",
            "comment": "K8s Private Hosted Zone DNS",
            "delegation_set_id": "",
            "force_destroy": false,
            "id": "Z008601132ZNXRG8AVRZT",
            "name": "k8s.com",
            "name_servers": [
              "ns-0.awsdns-00.com.",
              "ns-1024.awsdns-00.org.",
              "ns-1536.awsdns-00.co.uk.",
              "ns-512.awsdns-00.net."
            ],
            "primary_name_server": "ns-0.awsdns-00.com.",
            "tags": {},
            "tags_all": {},
            "timeouts": null,
            "vpc": [
              {
                "vpc_id": "vpc-076279cff8b6b1820",
                "vpc_region": "us-east-1"
              }
            ],
            "zone_id": "Z008601132ZNXRG8AVRZT"
          },
          "sensitive_attributes": [],
          "identity_schema_version": 0,
          "private": "eyJlMmJmYjczMC1lY2FhLTExZTYtOGY4OC0zNDM2M2JjN2M0YzAiOnsiY3JlYXRlIjoxODAwMDAwMDAwMDAwLCJkZWxldGUiOjE4MDAwMDAwMDAwMDAsInVwZGF0ZSI6MTgwMDAwMDAwMDAwMH19",
          "dependencies": [
            "module.vpc.aws_vpc.k8s_vpc"
          ]
        }
      ]
    },
    {
      "module": "module.route_tables",
      "mode": "managed",
      "type": "aws_route",
      "name": "public",
      "provider": "provider[\"registry.terraform.io/hashicorp/aws\"]",
      "instances": [
        {
          "schema_version": 0,
          "attributes": {
            "carrier_gateway_id": "",
            "core_network_arn": "",
            "destination_cidr_block": "0.0.0.0/0",
            "destination_ipv6_cidr_block": "",
            "destination_prefix_list_id": "",
            "egress_only_gateway_id": "",
            "gateway_id": "igw-07619d7a6b1fa6cbd",
            "id": "r-rtb-028f0034a8ae0aab11080289494",
            "instance_id": "",
            "instance_owner_id": "",
            "local_gateway_id": "",
            "nat_gateway_id": "",
            "network_interface_id": "",
            "origin": "CreateRoute",
            "region": "us-east-1",
            "route_table_id": "rtb-028f0034a8ae0aab1",
            "state": "active",
            "timeouts": null,
            "transit_gateway_id": "",
            "vpc_endpoint_id": "",
            "vpc_peering_connection_id": ""
          },
          "sensitive_attributes": [],
          "identity_schema_version": 0,
          "identity": {
            "account_id": "808407022124",
            "destination_cidr_block": "0.0.0.0/0",
            "destination_ipv6_cidr_block": null,
            "destination_prefix_list_id": null,
            "region": "us-east-1",
            "route_table_id": "rtb-028f0034a8ae0aab1"
          },
          "private": "eyJlMmJmYjczMC1lY2FhLTExZTYtOGY4OC0zNDM2M2JjN2M0YzAiOnsiY3JlYXRlIjozMDAwMDAwMDAwMDAsImRlbGV0ZSI6MzAwMDAwMDAwMDAwLCJ1cGRhdGUiOjEyMDAwMDAwMDAwMH19",
          "dependencies": [
            "module.route_tables.aws_route_table.public",
            "module.vpc.aws_internet_gateway.k8s_igw",
            "module.vpc.aws_vpc.k8s_vpc"
          ]
        }
      ]
    },
    {
      "module": "module.route_tables",
      "mode": "managed",
      "type": "aws_route_table",
      "name": "private",
      "provider": "provider[\"registry.terraform.io/hashicorp/aws\"]",
      "instances": [
        {
          "schema_version": 0,
          "attributes": {
            "arn": "arn:aws:ec2:us-east-1:808407022124:route-table/rtb-0b4432ab3f14e920b",
            "id": "rtb-0b4432ab3f14e920b",
            "owner_id": "808407022124",
            "propagating_vgws": [],
            "region": "us-east-1",
            "route": [
              {
                "carrier_gateway_id": "",
                "cidr_block": "0.0.0.0/0",
                "core_network_arn": "",
                "destination_prefix_list_id": "",
                "egress_only_gateway_id": "",
                "gateway_id": "",
                "ipv6_cidr_block": "",
                "local_gateway_id": "",
                "nat_gateway_id": "nat-018ac73ba9e14034e",
                "network_interface_id": "",
                "transit_gateway_id": "",
                "vpc_endpoint_id": "",
                "vpc_peering_connection_id": ""
              }
            ],
            "tags": {
              "Name": "private_route_table"
            },
            "tags_all": {
              "Name": "private_route_table"
            },
            "timeouts": null,
            "vpc_id": "vpc-076279cff8b6b1820"
          },
          "sensitive_attributes": [],
          "identity_schema_version": 0,
          "identity": {
            "account_id": "808407022124",
            "id": "rtb-0b4432ab3f14e920b",
            "region": "us-east-1"
          },
          "private": "eyJlMmJmYjczMC1lY2FhLTExZTYtOGY4OC0zNDM2M2JjN2M0YzAiOnsiY3JlYXRlIjozMDAwMDAwMDAwMDAsImRlbGV0ZSI6MzAwMDAwMDAwMDAwLCJ1cGRhdGUiOjEyMDAwMDAwMDAwMH19",
          "dependencies": [
            "module.natgw.aws_eip.natgw_eip",
            "module.natgw.aws_nat_gateway.natgw",
            "module.subnets.aws_subnet.public",
            "module.vpc.aws_vpc.k8s_vpc"
          ]
        }
      ]
    },
    {
      "module": "module.route_tables",
      "mode": "managed",
      "type": "aws_route_table",
      "name": "public",
      "provider": "provider[\"registry.terraform.io/hashicorp/aws\"]",
      "instances": [
        {
          "schema_version": 0,
          "attributes": {
            "arn": "arn:aws:ec2:us-east-1:808407022124:route-table/rtb-028f0034a8ae0aab1",
            "id": "rtb-028f0034a8ae0aab1",
            "owner_id": "808407022124",
            "propagating_vgws": [],
            "region": "us-east-1",
            "route": [
              {
                "carrier_gateway_id": "",
                "cidr_block": "0.0.0.0/0",
                "core_network_arn": "",
                "destination_prefix_list_id": "",
                "egress_only_gateway_id": "",
                "gateway_id": "igw-07619d7a6b1fa6cbd",
                "ipv6_cidr_block": "",
                "local_gateway_id": "",
                "nat_gateway_id": "",
                "network_interface_id": "",
                "transit_gateway_id": "",
                "vpc_endpoint_id": "",
                "vpc_peering_connection_id": ""
              }
            ],
            "tags": {
              "Name": "public_route_table"
            },
            "tags_all": {
              "Name": "public_route_table"
            },
            "timeouts": null,
            "vpc_id": "vpc-076279cff8b6b1820"
          },
          "sensitive_attributes": [],
          "identity_schema_version": 0,
          "identity": {
            "account_id": "808407022124",
            "id": "rtb-028f0034a8ae0aab1",
            "region": "us-east-1"
          },
          "private": "eyJlMmJmYjczMC1lY2FhLTExZTYtOGY4OC0zNDM2M2JjN2M0YzAiOnsiY3JlYXRlIjozMDAwMDAwMDAwMDAsImRlbGV0ZSI6MzAwMDAwMDAwMDAwLCJ1cGRhdGUiOjEyMDAwMDAwMDAwMH19",
          "dependencies": [
            "module.vpc.aws_vpc.k8s_vpc"
          ]
        }
      ]
    },
    {
      "module": "module.route_tables",
      "mode": "managed",
      "type": "aws_route_table_association",
      "name": "private",
      "provider": "provider[\"registry.terraform.io/hashicorp/aws\"]",
      "instances": [
        {
          "schema_version": 0,
          "attributes": {
            "gateway_id": "",
            "id": "rtbassoc-01c147fb6824741b0",
            "region": "us-east-1",
            "route_table_id": "rtb-0b4432ab3f14e920b",
            "subnet_id": "subnet-066913c392fff5b8a",
            "timeouts": null
          },
          "sensitive_attributes": [],
          "identity_schema_version": 0,
          "private": "eyJlMmJmYjczMC1lY2FhLTExZTYtOGY4OC0zNDM2M2JjN2M0YzAiOnsiY3JlYXRlIjozMDAwMDAwMDAwMDAsImRlbGV0ZSI6MzAwMDAwMDAwMDAwLCJ1cGRhdGUiOjEyMDAwMDAwMDAwMH19",
          "dependencies": [
            "module.natgw.aws_eip.natgw_eip",
            "module.natgw.aws_nat_gateway.natgw",
            "module.route_tables.aws_route_table.private",
            "module.subnets.aws_subnet.private",
            "module.subnets.aws_subnet.public",
            "module.vpc.aws_vpc.k8s_vpc"
          ]
        }
      ]
    },
    {
      "module": "module.route_tables",
      "mode": "managed",
      "type": "aws_route_table_association",
      "name": "public",
      "provider": "provider[\"registry.terraform.io/hashicorp/aws\"]",
      "instances": [
        {
          "schema_version": 0,
          "attributes": {
            "gateway_id": "",
            "id": "rtbassoc-099e58582fea453d0",
            "region": "us-east-1",
            "route_table_id": "rtb-028f0034a8ae0aab1",
            "subnet_id": "subnet-07357a35dbc5c0319",
            "timeouts": null
          },
          "sensitive_attributes": [],
          "identity_schema_version": 0,
          "private": "eyJlMmJmYjczMC1lY2FhLTExZTYtOGY4OC0zNDM2M2JjN2M0YzAiOnsiY3JlYXRlIjozMDAwMDAwMDAwMDAsImRlbGV0ZSI6MzAwMDAwMDAwMDAwLCJ1cGRhdGUiOjEyMDAwMDAwMDAwMH19",
          "dependencies": [
            "module.route_tables.aws_route_table.public",
            "module.subnets.aws_subnet.public",
            "module.vpc.aws_vpc.k8s_vpc"
          ]
        }
      ]
    },
    {
      "module": "module.security_groups",
      "mode": "managed",
      "type": "aws_security_group",
      "name": "bastion-sg",
      "provider": "provider[\"registry.terraform.io/hashicorp/aws\"]",
      "instances": [
        {
          "schema_version": 1,
          "attributes": {
            "arn": "arn:aws:ec2:us-east-1:808407022124:security-group/sg-05daf7dc6cc3043f0",
            "description": "Security group for bastion host",
            "egress": [
              {
                "cidr_blocks": [
                  "0.0.0.0/0"
                ],
                "description": "Allow all outbound traffic",
                "from_port": 0,
                "ipv6_cidr_blocks": [],
                "prefix_list_ids": [],
                "protocol": "-1",
                "security_groups": [],
                "self": false,
                "to_port": 0
              }
            ],
            "id": "sg-05daf7dc6cc3043f0",
            "ingress": [
              {
                "cidr_blocks": [
                  "0.0.0.0/0"
                ],
                "description": "Allow all inbound traffic",
                "from_port": 0,
                "ipv6_cidr_blocks": [],
                "prefix_list_ids": [],
                "protocol": "-1",
                "security_groups": [],
                "self": false,
                "to_port": 0
              }
            ],
            "name": "bastion-sg",
            "name_prefix": "",
            "owner_id": "808407022124",
            "region": "us-east-1",
            "revoke_rules_on_delete": false,
            "tags": {
              "Name": "bastion-sg"
            },
            "tags_all": {
              "Name": "bastion-sg"
            },
            "timeouts": null,
            "vpc_id": "vpc-076279cff8b6b1820"
          },
          "sensitive_attributes": [],
          "identity_schema_version": 0,
          "identity": {
            "account_id": "808407022124",
            "id": "sg-05daf7dc6cc3043f0",
            "region": "us-east-1"
          },
          "private": "eyJlMmJmYjczMC1lY2FhLTExZTYtOGY4OC0zNDM2M2JjN2M0YzAiOnsiY3JlYXRlIjo2MDAwMDAwMDAwMDAsImRlbGV0ZSI6OTAwMDAwMDAwMDAwfSwic2NoZW1hX3ZlcnNpb24iOiIxIn0=",
          "dependencies": [
            "module.vpc.aws_vpc.k8s_vpc"
          ]
        }
      ]
    },
    {
      "module": "module.security_groups",
      "mode": "managed",
      "type": "aws_security_group",
      "name": "clb",
      "provider": "provider[\"registry.terraform.io/hashicorp/aws\"]",
      "instances": [
        {
          "schema_version": 1,
          "attributes": {
            "arn": "arn:aws:ec2:us-east-1:808407022124:security-group/sg-071aa356770d63f25",
            "description": "Security group for CLB",
            "egress": [
              {
                "cidr_blocks": [
                  "0.0.0.0/0"
                ],
                "description": "Allow all outbound traffic",
                "from_port": 0,
                "ipv6_cidr_blocks": [],
                "prefix_list_ids": [],
                "protocol": "-1",
                "security_groups": [],
                "self": false,
                "to_port": 0
              }
            ],
            "id": "sg-071aa356770d63f25",
            "ingress": [
              {
                "cidr_blocks": [
                  "0.0.0.0/0"
                ],
                "description": "",
                "from_port": 0,
                "ipv6_cidr_blocks": [],
                "prefix_list_ids": [],
                "protocol": "-1",
                "security_groups": [],
                "self": false,
                "to_port": 0
              },
              {
                "cidr_blocks": [
                  "0.0.0.0/0"
                ],
                "description": "Allow HTTP inbound traffic",
                "from_port": 80,
                "ipv6_cidr_blocks": [],
                "prefix_list_ids": [],
                "protocol": "tcp",
                "security_groups": [],
                "self": false,
                "to_port": 80
              },
              {
                "cidr_blocks": [
                  "0.0.0.0/0"
                ],
                "description": "Allow HTTPS inbound traffic",
                "from_port": 443,
                "ipv6_cidr_blocks": [],
                "prefix_list_ids": [],
                "protocol": "tcp",
                "security_groups": [],
                "self": false,
                "to_port": 443
              }
            ],
            "name": "clb-sg",
            "name_prefix": "",
            "owner_id": "808407022124",
            "region": "us-east-1",
            "revoke_rules_on_delete": false,
            "tags": {
              "Name": "clb-sg"
            },
            "tags_all": {
              "Name": "clb-sg"
            },
            "timeouts": null,
            "vpc_id": "vpc-076279cff8b6b1820"
          },
          "sensitive_attributes": [],
          "identity_schema_version": 0,
          "identity": {
            "account_id": "808407022124",
            "id": "sg-071aa356770d63f25",
            "region": "us-east-1"
          },
          "private": "eyJlMmJmYjczMC1lY2FhLTExZTYtOGY4OC0zNDM2M2JjN2M0YzAiOnsiY3JlYXRlIjo2MDAwMDAwMDAwMDAsImRlbGV0ZSI6OTAwMDAwMDAwMDAwfSwic2NoZW1hX3ZlcnNpb24iOiIxIn0=",
          "dependencies": [
            "module.vpc.aws_vpc.k8s_vpc"
          ]
        }
      ]
    },
    {
      "module": "module.security_groups",
      "mode": "managed",
      "type": "aws_security_group",
      "name": "jenkins",
      "provider": "provider[\"registry.terraform.io/hashicorp/aws\"]",
      "instances": [
        {
          "schema_version": 1,
          "attributes": {
            "arn": "arn:aws:ec2:us-east-1:808407022124:security-group/sg-043bf0655b9282c62",
            "description": "Security group for Jenkins server",
            "egress": [
              {
                "cidr_blocks": [
                  "0.0.0.0/0"
                ],
                "description": "Allow all outbound traffic",
                "from_port": 0,
                "ipv6_cidr_blocks": [],
                "prefix_list_ids": [],
                "protocol": "-1",
                "security_groups": [],
                "self": false,
                "to_port": 0
              }
            ],
            "id": "sg-043bf0655b9282c62",
            "ingress": [
              {
                "cidr_blocks": [
                  "0.0.0.0/0"
                ],
                "description": "ICMP from anywhere",
                "from_port": -1,
                "ipv6_cidr_blocks": [],
                "prefix_list_ids": [],
                "protocol": "icmp",
                "security_groups": [],
                "self": false,
                "to_port": -1
              },
              {
                "cidr_blocks": [
                  "0.0.0.0/0"
                ],
                "description": "Jenkins web UI access",
                "from_port": 8080,
                "ipv6_cidr_blocks": [],
                "prefix_list_ids": [],
                "protocol": "tcp",
                "security_groups": [],
                "self": false,
                "to_port": 8080
              },
              {
                "cidr_blocks": [],
                "description": "SSH access from bastion host",
                "from_port": 22,
                "ipv6_cidr_blocks": [],
                "prefix_list_ids": [],
                "protocol": "tcp",
                "security_groups": [
                  "sg-05daf7dc6cc3043f0"
                ],
                "self": false,
                "to_port": 22
              }
            ],
            "name": "jenkins-sg",
            "name_prefix": "",
            "owner_id": "808407022124",
            "region": "us-east-1",
            "revoke_rules_on_delete": false,
            "tags": {
              "Name": "jenkins-sg"
            },
            "tags_all": {
              "Name": "jenkins-sg"
            },
            "timeouts": null,
            "vpc_id": "vpc-076279cff8b6b1820"
          },
          "sensitive_attributes": [],
          "identity_schema_version": 0,
          "identity": {
            "account_id": "808407022124",
            "id": "sg-043bf0655b9282c62",
            "region": "us-east-1"
          },
          "private": "eyJlMmJmYjczMC1lY2FhLTExZTYtOGY4OC0zNDM2M2JjN2M0YzAiOnsiY3JlYXRlIjo2MDAwMDAwMDAwMDAsImRlbGV0ZSI6OTAwMDAwMDAwMDAwfSwic2NoZW1hX3ZlcnNpb24iOiIxIn0=",
          "dependencies": [
            "module.vpc.aws_vpc.k8s_vpc"
          ]
        }
      ]
    },
    {
      "module": "module.security_groups",
      "mode": "managed",
      "type": "aws_security_group",
      "name": "master",
      "provider": "provider[\"registry.terraform.io/hashicorp/aws\"]",
      "instances": [
        {
          "schema_version": 1,
          "attributes": {
            "arn": "arn:aws:ec2:us-east-1:808407022124:security-group/sg-0d0eda287472d94bd",
            "description": "Security group for master nodes",
            "egress": [
              {
                "cidr_blocks": [
                  "0.0.0.0/0"
                ],
                "description": "Allow all outbound traffic",
                "from_port": 0,
                "ipv6_cidr_blocks": [],
                "prefix_list_ids": [],
                "protocol": "-1",
                "security_groups": [],
                "self": false,
                "to_port": 0
              }
            ],
            "id": "sg-0d0eda287472d94bd",
            "ingress": [
              {
                "cidr_blocks": [
                  "0.0.0.0/0"
                ],
                "description": "",
                "from_port": 0,
                "ipv6_cidr_blocks": [],
                "prefix_list_ids": [],
                "protocol": "-1",
                "security_groups": [],
                "self": false,
                "to_port": 0
              },
              {
                "cidr_blocks": [
                  "0.0.0.0/0"
                ],
                "description": "Open ICMP protocole from every where",
                "from_port": -1,
                "ipv6_cidr_blocks": [],
                "prefix_list_ids": [],
                "protocol": "icmp",
                "security_groups": [],
                "self": false,
                "to_port": -1
              },
              {
                "cidr_blocks": [],
                "description": "Allow all inbound traffic from master security group",
                "from_port": 0,
                "ipv6_cidr_blocks": [],
                "prefix_list_ids": [],
                "protocol": "-1",
                "security_groups": [],
                "self": true,
                "to_port": 0
              },
              {
                "cidr_blocks": [],
                "description": "Kubelet API",
                "from_port": 10250,
                "ipv6_cidr_blocks": [],
                "prefix_list_ids": [],
                "protocol": "tcp",
                "security_groups": [
                  "sg-0c3d221f95e9213b3"
                ],
                "self": false,
                "to_port": 10250
              },
              {
                "cidr_blocks": [],
                "description": "Kubernetes API server from workers",
                "from_port": 6443,
                "ipv6_cidr_blocks": [],
                "prefix_list_ids": [],
                "protocol": "tcp",
                "security_groups": [
                  "sg-0c3d221f95e9213b3"
                ],
                "self": false,
                "to_port": 6443
              },
              {
                "cidr_blocks": [],
                "description": "NodePort Services TCP from CLB",
                "from_port": 30000,
                "ipv6_cidr_blocks": [],
                "prefix_list_ids": [],
                "protocol": "tcp",
                "security_groups": [
                  "sg-071aa356770d63f25"
                ],
                "self": false,
                "to_port": 32767
              },
              {
                "cidr_blocks": [],
                "description": "NodePort Services TCP from master",
                "from_port": 30000,
                "ipv6_cidr_blocks": [],
                "prefix_list_ids": [],
                "protocol": "tcp",
                "security_groups": [],
                "self": true,
                "to_port": 32767
              },
              {
                "cidr_blocks": [],
                "description": "SSH access from bastion host",
                "from_port": 22,
                "ipv6_cidr_blocks": [],
                "prefix_list_ids": [],
                "protocol": "tcp",
                "security_groups": [
                  "sg-05daf7dc6cc3043f0"
                ],
                "self": false,
                "to_port": 22
              },
              {
                "cidr_blocks": [],
                "description": "etcd server client API",
                "from_port": 2379,
                "ipv6_cidr_blocks": [],
                "prefix_list_ids": [],
                "protocol": "tcp",
                "security_groups": [
                  "sg-0c3d221f95e9213b3"
                ],
                "self": false,
                "to_port": 2380
              },
              {
                "cidr_blocks": [],
                "description": "kube-controller-manager",
                "from_port": 10257,
                "ipv6_cidr_blocks": [],
                "prefix_list_ids": [],
                "protocol": "tcp",
                "security_groups": [
                  "sg-0c3d221f95e9213b3"
                ],
                "self": false,
                "to_port": 10257
              },
              {
                "cidr_blocks": [],
                "description": "kube-scheduler",
                "from_port": 10259,
                "ipv6_cidr_blocks": [],
                "prefix_list_ids": [],
                "protocol": "tcp",
                "security_groups": [
                  "sg-0c3d221f95e9213b3"
                ],
                "self": false,
                "to_port": 10259
              }
            ],
            "name": "master-sg",
            "name_prefix": "",
            "owner_id": "808407022124",
            "region": "us-east-1",
            "revoke_rules_on_delete": false,
            "tags": {
              "Name": "master-sg"
            },
            "tags_all": {
              "Name": "master-sg"
            },
            "timeouts": null,
            "vpc_id": "vpc-076279cff8b6b1820"
          },
          "sensitive_attributes": [],
          "identity_schema_version": 0,
          "identity": {
            "account_id": "808407022124",
            "id": "sg-0d0eda287472d94bd",
            "region": "us-east-1"
          },
          "private": "eyJlMmJmYjczMC1lY2FhLTExZTYtOGY4OC0zNDM2M2JjN2M0YzAiOnsiY3JlYXRlIjo2MDAwMDAwMDAwMDAsImRlbGV0ZSI6OTAwMDAwMDAwMDAwfSwic2NoZW1hX3ZlcnNpb24iOiIxIn0=",
          "dependencies": [
            "module.vpc.aws_vpc.k8s_vpc"
          ]
        }
      ]
    },
    {
      "module": "module.security_groups",
      "mode": "managed",
      "type": "aws_security_group",
      "name": "workers",
      "provider": "provider[\"registry.terraform.io/hashicorp/aws\"]",
      "instances": [
        {
          "schema_version": 1,
          "attributes": {
            "arn": "arn:aws:ec2:us-east-1:808407022124:security-group/sg-0c3d221f95e9213b3",
            "description": "Security group for worker nodes",
            "egress": [
              {
                "cidr_blocks": [
                  "0.0.0.0/0"
                ],
                "description": "Allow all outbound traffic",
                "from_port": 0,
                "ipv6_cidr_blocks": [],
                "prefix_list_ids": [],
                "protocol": "-1",
                "security_groups": [],
                "self": false,
                "to_port": 0
              }
            ],
            "id": "sg-0c3d221f95e9213b3",
            "ingress": [
              {
                "cidr_blocks": [
                  "0.0.0.0/0"
                ],
                "description": "Open ICMP protocole from every where",
                "from_port": -1,
                "ipv6_cidr_blocks": [],
                "prefix_list_ids": [],
                "protocol": "icmp",
                "security_groups": [],
                "self": false,
                "to_port": -1
              },
              {
                "cidr_blocks": [],
                "description": "Allow all inbound traffic from workers security group",
                "from_port": 0,
                "ipv6_cidr_blocks": [],
                "prefix_list_ids": [],
                "protocol": "-1",
                "security_groups": [],
                "self": true,
                "to_port": 0
              },
              {
                "cidr_blocks": [],
                "description": "Kubelet API from master",
                "from_port": 10250,
                "ipv6_cidr_blocks": [],
                "prefix_list_ids": [],
                "protocol": "tcp",
                "security_groups": [
                  "sg-0d0eda287472d94bd"
                ],
                "self": false,
                "to_port": 10250
              },
              {
                "cidr_blocks": [],
                "description": "NodePort Services TCP from CLB",
                "from_port": 30000,
                "ipv6_cidr_blocks": [],
                "prefix_list_ids": [],
                "protocol": "tcp",
                "security_groups": [
                  "sg-071aa356770d63f25"
                ],
                "self": false,
                "to_port": 32767
              },
              {
                "cidr_blocks": [],
                "description": "NodePort Services TCP from master",
                "from_port": 30000,
                "ipv6_cidr_blocks": [],
                "prefix_list_ids": [],
                "protocol": "tcp",
                "security_groups": [
                  "sg-0d0eda287472d94bd"
                ],
                "self": false,
                "to_port": 32767
              },
              {
                "cidr_blocks": [],
                "description": "NodePort Services UDP from master",
                "from_port": 30000,
                "ipv6_cidr_blocks": [],
                "prefix_list_ids": [],
                "protocol": "udp",
                "security_groups": [
                  "sg-0d0eda287472d94bd"
                ],
                "self": false,
                "to_port": 32767
              },
              {
                "cidr_blocks": [],
                "description": "SSH access from bastion host",
                "from_port": 22,
                "ipv6_cidr_blocks": [],
                "prefix_list_ids": [],
                "protocol": "tcp",
                "security_groups": [
                  "sg-05daf7dc6cc3043f0"
                ],
                "self": false,
                "to_port": 22
              },
              {
                "cidr_blocks": [],
                "description": "kube-proxy from master",
                "from_port": 10256,
                "ipv6_cidr_blocks": [],
                "prefix_list_ids": [],
                "protocol": "tcp",
                "security_groups": [
                  "sg-0d0eda287472d94bd"
                ],
                "self": false,
                "to_port": 10256
              }
            ],
            "name": "worker-sg",
            "name_prefix": "",
            "owner_id": "808407022124",
            "region": "us-east-1",
            "revoke_rules_on_delete": false,
            "tags": {
              "Name": "worker-sg"
            },
            "tags_all": {
              "Name": "worker-sg"
            },
            "timeouts": null,
            "vpc_id": "vpc-076279cff8b6b1820"
          },
          "sensitive_attributes": [],
          "identity_schema_version": 0,
          "identity": {
            "account_id": "808407022124",
            "id": "sg-0c3d221f95e9213b3",
            "region": "us-east-1"
          },
          "private": "eyJlMmJmYjczMC1lY2FhLTExZTYtOGY4OC0zNDM2M2JjN2M0YzAiOnsiY3JlYXRlIjo2MDAwMDAwMDAwMDAsImRlbGV0ZSI6OTAwMDAwMDAwMDAwfSwic2NoZW1hX3ZlcnNpb24iOiIxIn0=",
          "dependencies": [
            "module.vpc.aws_vpc.k8s_vpc"
          ]
        }
      ]
    },
    {
      "module": "module.security_groups",
      "mode": "managed",
      "type": "aws_security_group_rule",
      "name": "CLB_http_ingress",
      "provider": "provider[\"registry.terraform.io/hashicorp/aws\"]",
      "instances": [
        {
          "schema_version": 2,
          "attributes": {
            "cidr_blocks": [
              "0.0.0.0/0"
            ],
            "description": "Allow HTTP inbound traffic",
            "from_port": 80,
            "id": "sgrule-3443034971",
            "ipv6_cidr_blocks": null,
            "prefix_list_ids": null,
            "protocol": "tcp",
            "region": "us-east-1",
            "security_group_id": "sg-071aa356770d63f25",
            "security_group_rule_id": "sgr-07687230e8265990f",
            "self": false,
            "source_security_group_id": null,
            "timeouts": null,
            "to_port": 80,
            "type": "ingress"
          },
          "sensitive_attributes": [],
          "identity_schema_version": 0,
          "private": "eyJlMmJmYjczMC1lY2FhLTExZTYtOGY4OC0zNDM2M2JjN2M0YzAiOnsiY3JlYXRlIjozMDAwMDAwMDAwMDB9LCJzY2hlbWFfdmVyc2lvbiI6IjIifQ==",
          "dependencies": [
            "module.security_groups.aws_security_group.clb",
            "module.vpc.aws_vpc.k8s_vpc"
          ]
        }
      ]
    },
    {
      "module": "module.security_groups",
      "mode": "managed",
      "type": "aws_security_group_rule",
      "name": "CLB_https_ingress",
      "provider": "provider[\"registry.terraform.io/hashicorp/aws\"]",
      "instances": [
        {
          "schema_version": 2,
          "attributes": {
            "cidr_blocks": [
              "0.0.0.0/0"
            ],
            "description": "Allow HTTPS inbound traffic",
            "from_port": 443,
            "id": "sgrule-2231792125",
            "ipv6_cidr_blocks": null,
            "prefix_list_ids": null,
            "protocol": "tcp",
            "region": "us-east-1",
            "security_group_id": "sg-071aa356770d63f25",
            "security_group_rule_id": "sgr-0cfc72c7b2057bbeb",
            "self": false,
            "source_security_group_id": null,
            "timeouts": null,
            "to_port": 443,
            "type": "ingress"
          },
          "sensitive_attributes": [],
          "identity_schema_version": 0,
          "private": "eyJlMmJmYjczMC1lY2FhLTExZTYtOGY4OC0zNDM2M2JjN2M0YzAiOnsiY3JlYXRlIjozMDAwMDAwMDAwMDB9LCJzY2hlbWFfdmVyc2lvbiI6IjIifQ==",
          "dependencies": [
            "module.security_groups.aws_security_group.clb",
            "module.vpc.aws_vpc.k8s_vpc"
          ]
        }
      ]
    },
    {
      "module": "module.security_groups",
      "mode": "managed",
      "type": "aws_security_group_rule",
      "name": "bastion_ingress_all",
      "provider": "provider[\"registry.terraform.io/hashicorp/aws\"]",
      "instances": [
        {
          "schema_version": 2,
          "attributes": {
            "cidr_blocks": [
              "0.0.0.0/0"
            ],
            "description": "Allow all inbound traffic",
            "from_port": 0,
            "id": "sgrule-3831154872",
            "ipv6_cidr_blocks": null,
            "prefix_list_ids": null,
            "protocol": "-1",
            "region": "us-east-1",
            "security_group_id": "sg-05daf7dc6cc3043f0",
            "security_group_rule_id": "sgr-0884eca60a4e0adcb",
            "self": false,
            "source_security_group_id": null,
            "timeouts": null,
            "to_port": 0,
            "type": "ingress"
          },
          "sensitive_attributes": [],
          "identity_schema_version": 0,
          "private": "eyJlMmJmYjczMC1lY2FhLTExZTYtOGY4OC0zNDM2M2JjN2M0YzAiOnsiY3JlYXRlIjozMDAwMDAwMDAwMDB9LCJzY2hlbWFfdmVyc2lvbiI6IjIifQ==",
          "dependencies": [
            "module.security_groups.aws_security_group.bastion-sg",
            "module.vpc.aws_vpc.k8s_vpc"
          ]
        }
      ]
    },
    {
      "module": "module.security_groups",
      "mode": "managed",
      "type": "aws_security_group_rule",
      "name": "grafana_nodeport_tcp_from_clb",
      "provider": "provider[\"registry.terraform.io/hashicorp/aws\"]",
      "instances": [
        {
          "schema_version": 2,
          "attributes": {
            "cidr_blocks": null,
            "description": "NodePort Services TCP from CLB",
            "from_port": 30000,
            "id": "sgrule-3025033164",
            "ipv6_cidr_blocks": null,
            "prefix_list_ids": null,
            "protocol": "tcp",
            "region": "us-east-1",
            "security_group_id": "sg-0d0eda287472d94bd",
            "security_group_rule_id": "sgr-0a4dfca47596a926d",
            "self": false,
            "source_security_group_id": "sg-071aa356770d63f25",
            "timeouts": null,
            "to_port": 32767,
            "type": "ingress"
          },
          "sensitive_attributes": [],
          "identity_schema_version": 0,
          "private": "eyJlMmJmYjczMC1lY2FhLTExZTYtOGY4OC0zNDM2M2JjN2M0YzAiOnsiY3JlYXRlIjozMDAwMDAwMDAwMDB9LCJzY2hlbWFfdmVyc2lvbiI6IjIifQ==",
          "dependencies": [
            "module.security_groups.aws_security_group.clb",
            "module.security_groups.aws_security_group.master",
            "module.vpc.aws_vpc.k8s_vpc"
          ]
        }
      ]
    },
    {
      "module": "module.security_groups",
      "mode": "managed",
      "type": "aws_security_group_rule",
      "name": "grafana_nodeport_tcp_from_master",
      "provider": "provider[\"registry.terraform.io/hashicorp/aws\"]",
      "instances": [
        {
          "schema_version": 2,
          "attributes": {
            "cidr_blocks": null,
            "description": "NodePort Services TCP from master",
            "from_port": 30000,
            "id": "sgrule-364864786",
            "ipv6_cidr_blocks": null,
            "prefix_list_ids": null,
            "protocol": "tcp",
            "region": "us-east-1",
            "security_group_id": "sg-0d0eda287472d94bd",
            "security_group_rule_id": "sgr-012252de466ee8e7b",
            "self": false,
            "source_security_group_id": "sg-0d0eda287472d94bd",
            "timeouts": null,
            "to_port": 32767,
            "type": "ingress"
          },
          "sensitive_attributes": [],
          "identity_schema_version": 0,
          "private": "eyJlMmJmYjczMC1lY2FhLTExZTYtOGY4OC0zNDM2M2JjN2M0YzAiOnsiY3JlYXRlIjozMDAwMDAwMDAwMDB9LCJzY2hlbWFfdmVyc2lvbiI6IjIifQ==",
          "dependencies": [
            "module.security_groups.aws_security_group.master",
            "module.vpc.aws_vpc.k8s_vpc"
          ]
        }
      ]
    },
    {
      "module": "module.security_groups",
      "mode": "managed",
      "type": "aws_security_group_rule",
      "name": "jenkins_icmp",
      "provider": "provider[\"registry.terraform.io/hashicorp/aws\"]",
      "instances": [
        {
          "schema_version": 2,
          "attributes": {
            "cidr_blocks": [
              "0.0.0.0/0"
            ],
            "description": "ICMP from anywhere",
            "from_port": -1,
            "id": "sgrule-1108473199",
            "ipv6_cidr_blocks": null,
            "prefix_list_ids": null,
            "protocol": "icmp",
            "region": "us-east-1",
            "security_group_id": "sg-043bf0655b9282c62",
            "security_group_rule_id": "sgr-0104d40fd8c4d58e6",
            "self": false,
            "source_security_group_id": null,
            "timeouts": null,
            "to_port": -1,
            "type": "ingress"
          },
          "sensitive_attributes": [],
          "identity_schema_version": 0,
          "private": "eyJlMmJmYjczMC1lY2FhLTExZTYtOGY4OC0zNDM2M2JjN2M0YzAiOnsiY3JlYXRlIjozMDAwMDAwMDAwMDB9LCJzY2hlbWFfdmVyc2lvbiI6IjIifQ==",
          "dependencies": [
            "module.security_groups.aws_security_group.jenkins",
            "module.vpc.aws_vpc.k8s_vpc"
          ]
        }
      ]
    },
    {
      "module": "module.security_groups",
      "mode": "managed",
      "type": "aws_security_group_rule",
      "name": "jenkins_ssh_from_bastion",
      "provider": "provider[\"registry.terraform.io/hashicorp/aws\"]",
      "instances": [
        {
          "schema_version": 2,
          "attributes": {
            "cidr_blocks": null,
            "description": "SSH access from bastion host",
            "from_port": 22,
            "id": "sgrule-321043708",
            "ipv6_cidr_blocks": null,
            "prefix_list_ids": null,
            "protocol": "tcp",
            "region": "us-east-1",
            "security_group_id": "sg-043bf0655b9282c62",
            "security_group_rule_id": "sgr-0037c9fee8ec7d939",
            "self": false,
            "source_security_group_id": "sg-05daf7dc6cc3043f0",
            "timeouts": null,
            "to_port": 22,
            "type": "ingress"
          },
          "sensitive_attributes": [],
          "identity_schema_version": 0,
          "private": "eyJlMmJmYjczMC1lY2FhLTExZTYtOGY4OC0zNDM2M2JjN2M0YzAiOnsiY3JlYXRlIjozMDAwMDAwMDAwMDB9LCJzY2hlbWFfdmVyc2lvbiI6IjIifQ==",
          "dependencies": [
            "module.security_groups.aws_security_group.bastion-sg",
            "module.security_groups.aws_security_group.jenkins",
            "module.vpc.aws_vpc.k8s_vpc"
          ]
        }
      ]
    },
    {
      "module": "module.security_groups",
      "mode": "managed",
      "type": "aws_security_group_rule",
      "name": "jenkins_web_ui",
      "provider": "provider[\"registry.terraform.io/hashicorp/aws\"]",
      "instances": [
        {
          "schema_version": 2,
          "attributes": {
            "cidr_blocks": [
              "0.0.0.0/0"
            ],
            "description": "Jenkins web UI access",
            "from_port": 8080,
            "id": "sgrule-3748003170",
            "ipv6_cidr_blocks": null,
            "prefix_list_ids": null,
            "protocol": "tcp",
            "region": "us-east-1",
            "security_group_id": "sg-043bf0655b9282c62",
            "security_group_rule_id": "sgr-07ceb4a77e53495da",
            "self": false,
            "source_security_group_id": null,
            "timeouts": null,
            "to_port": 8080,
            "type": "ingress"
          },
          "sensitive_attributes": [],
          "identity_schema_version": 0,
          "private": "eyJlMmJmYjczMC1lY2FhLTExZTYtOGY4OC0zNDM2M2JjN2M0YzAiOnsiY3JlYXRlIjozMDAwMDAwMDAwMDB9LCJzY2hlbWFfdmVyc2lvbiI6IjIifQ==",
          "dependencies": [
            "module.security_groups.aws_security_group.jenkins",
            "module.vpc.aws_vpc.k8s_vpc"
          ]
        }
      ]
    },
    {
      "module": "module.security_groups",
      "mode": "managed",
      "type": "aws_security_group_rule",
      "name": "master_api_from_workers",
      "provider": "provider[\"registry.terraform.io/hashicorp/aws\"]",
      "instances": [
        {
          "schema_version": 2,
          "attributes": {
            "cidr_blocks": null,
            "description": "Kubernetes API server from workers",
            "from_port": 6443,
            "id": "sgrule-3969335370",
            "ipv6_cidr_blocks": null,
            "prefix_list_ids": null,
            "protocol": "tcp",
            "region": "us-east-1",
            "security_group_id": "sg-0d0eda287472d94bd",
            "security_group_rule_id": "sgr-022f6a949e58f108e",
            "self": false,
            "source_security_group_id": "sg-0c3d221f95e9213b3",
            "timeouts": null,
            "to_port": 6443,
            "type": "ingress"
          },
          "sensitive_attributes": [],
          "identity_schema_version": 0,
          "private": "eyJlMmJmYjczMC1lY2FhLTExZTYtOGY4OC0zNDM2M2JjN2M0YzAiOnsiY3JlYXRlIjozMDAwMDAwMDAwMDB9LCJzY2hlbWFfdmVyc2lvbiI6IjIifQ==",
          "dependencies": [
            "module.security_groups.aws_security_group.master",
            "module.security_groups.aws_security_group.workers",
            "module.vpc.aws_vpc.k8s_vpc"
          ]
        }
      ]
    },
    {
      "module": "module.security_groups",
      "mode": "managed",
      "type": "aws_security_group_rule",
      "name": "master_controller_from_workers",
      "provider": "provider[\"registry.terraform.io/hashicorp/aws\"]",
      "instances": [
        {
          "schema_version": 2,
          "attributes": {
            "cidr_blocks": null,
            "description": "kube-controller-manager",
            "from_port": 10257,
            "id": "sgrule-856089994",
            "ipv6_cidr_blocks": null,
            "prefix_list_ids": null,
            "protocol": "tcp",
            "region": "us-east-1",
            "security_group_id": "sg-0d0eda287472d94bd",
            "security_group_rule_id": "sgr-0d85e644c1cb36a86",
            "self": false,
            "source_security_group_id": "sg-0c3d221f95e9213b3",
            "timeouts": null,
            "to_port": 10257,
            "type": "ingress"
          },
          "sensitive_attributes": [],
          "identity_schema_version": 0,
          "private": "eyJlMmJmYjczMC1lY2FhLTExZTYtOGY4OC0zNDM2M2JjN2M0YzAiOnsiY3JlYXRlIjozMDAwMDAwMDAwMDB9LCJzY2hlbWFfdmVyc2lvbiI6IjIifQ==",
          "dependencies": [
            "module.security_groups.aws_security_group.master",
            "module.security_groups.aws_security_group.workers",
            "module.vpc.aws_vpc.k8s_vpc"
          ]
        }
      ]
    },
    {
      "module": "module.security_groups",
      "mode": "managed",
      "type": "aws_security_group_rule",
      "name": "master_etcd_from_workers",
      "provider": "provider[\"registry.terraform.io/hashicorp/aws\"]",
      "instances": [
        {
          "schema_version": 2,
          "attributes": {
            "cidr_blocks": null,
            "description": "etcd server client API",
            "from_port": 2379,
            "id": "sgrule-1966605032",
            "ipv6_cidr_blocks": null,
            "prefix_list_ids": null,
            "protocol": "tcp",
            "region": "us-east-1",
            "security_group_id": "sg-0d0eda287472d94bd",
            "security_group_rule_id": "sgr-09b9c7f00b2c42de3",
            "self": false,
            "source_security_group_id": "sg-0c3d221f95e9213b3",
            "timeouts": null,
            "to_port": 2380,
            "type": "ingress"
          },
          "sensitive_attributes": [],
          "identity_schema_version": 0,
          "private": "eyJlMmJmYjczMC1lY2FhLTExZTYtOGY4OC0zNDM2M2JjN2M0YzAiOnsiY3JlYXRlIjozMDAwMDAwMDAwMDB9LCJzY2hlbWFfdmVyc2lvbiI6IjIifQ==",
          "dependencies": [
            "module.security_groups.aws_security_group.master",
            "module.security_groups.aws_security_group.workers",
            "module.vpc.aws_vpc.k8s_vpc"
          ]
        }
      ]
    },
    {
      "module": "module.security_groups",
      "mode": "managed",
      "type": "aws_security_group_rule",
      "name": "master_icmp",
      "provider": "provider[\"registry.terraform.io/hashicorp/aws\"]",
      "instances": [
        {
          "schema_version": 2,
          "attributes": {
            "cidr_blocks": [
              "0.0.0.0/0"
            ],
            "description": "Open ICMP protocole from every where",
            "from_port": -1,
            "id": "sgrule-3015890467",
            "ipv6_cidr_blocks": null,
            "prefix_list_ids": null,
            "protocol": "icmp",
            "region": "us-east-1",
            "security_group_id": "sg-0d0eda287472d94bd",
            "security_group_rule_id": "sgr-078652c03f63bd20d",
            "self": false,
            "source_security_group_id": null,
            "timeouts": null,
            "to_port": -1,
            "type": "ingress"
          },
          "sensitive_attributes": [],
          "identity_schema_version": 0,
          "private": "eyJlMmJmYjczMC1lY2FhLTExZTYtOGY4OC0zNDM2M2JjN2M0YzAiOnsiY3JlYXRlIjozMDAwMDAwMDAwMDB9LCJzY2hlbWFfdmVyc2lvbiI6IjIifQ==",
          "dependencies": [
            "module.security_groups.aws_security_group.master",
            "module.vpc.aws_vpc.k8s_vpc"
          ]
        }
      ]
    },
    {
      "module": "module.security_groups",
      "mode": "managed",
      "type": "aws_security_group_rule",
      "name": "master_kubelet_from_workers",
      "provider": "provider[\"registry.terraform.io/hashicorp/aws\"]",
      "instances": [
        {
          "schema_version": 2,
          "attributes": {
            "cidr_blocks": null,
            "description": "Kubelet API",
            "from_port": 10250,
            "id": "sgrule-3203945707",
            "ipv6_cidr_blocks": null,
            "prefix_list_ids": null,
            "protocol": "tcp",
            "region": "us-east-1",
            "security_group_id": "sg-0d0eda287472d94bd",
            "security_group_rule_id": "sgr-013cd4eebb897565b",
            "self": false,
            "source_security_group_id": "sg-0c3d221f95e9213b3",
            "timeouts": null,
            "to_port": 10250,
            "type": "ingress"
          },
          "sensitive_attributes": [],
          "identity_schema_version": 0,
          "private": "eyJlMmJmYjczMC1lY2FhLTExZTYtOGY4OC0zNDM2M2JjN2M0YzAiOnsiY3JlYXRlIjozMDAwMDAwMDAwMDB9LCJzY2hlbWFfdmVyc2lvbiI6IjIifQ==",
          "dependencies": [
            "module.security_groups.aws_security_group.master",
            "module.security_groups.aws_security_group.workers",
            "module.vpc.aws_vpc.k8s_vpc"
          ]
        }
      ]
    },
    {
      "module": "module.security_groups",
      "mode": "managed",
      "type": "aws_security_group_rule",
      "name": "master_scheduler_from_workers",
      "provider": "provider[\"registry.terraform.io/hashicorp/aws\"]",
      "instances": [
        {
          "schema_version": 2,
          "attributes": {
            "cidr_blocks": null,
            "description": "kube-scheduler",
            "from_port": 10259,
            "id": "sgrule-4085940489",
            "ipv6_cidr_blocks": null,
            "prefix_list_ids": null,
            "protocol": "tcp",
            "region": "us-east-1",
            "security_group_id": "sg-0d0eda287472d94bd",
            "security_group_rule_id": "sgr-0008b91a52e5b9214",
            "self": false,
            "source_security_group_id": "sg-0c3d221f95e9213b3",
            "timeouts": null,
            "to_port": 10259,
            "type": "ingress"
          },
          "sensitive_attributes": [],
          "identity_schema_version": 0,
          "private": "eyJlMmJmYjczMC1lY2FhLTExZTYtOGY4OC0zNDM2M2JjN2M0YzAiOnsiY3JlYXRlIjozMDAwMDAwMDAwMDB9LCJzY2hlbWFfdmVyc2lvbiI6IjIifQ==",
          "dependencies": [
            "module.security_groups.aws_security_group.master",
            "module.security_groups.aws_security_group.workers",
            "module.vpc.aws_vpc.k8s_vpc"
          ]
        }
      ]
    },
    {
      "module": "module.security_groups",
      "mode": "managed",
      "type": "aws_security_group_rule",
      "name": "master_self",
      "provider": "provider[\"registry.terraform.io/hashicorp/aws\"]",
      "instances": [
        {
          "schema_version": 2,
          "attributes": {
            "cidr_blocks": null,
            "description": "Allow all inbound traffic from master security group",
            "from_port": 0,
            "id": "sgrule-4130769699",
            "ipv6_cidr_blocks": null,
            "prefix_list_ids": null,
            "protocol": "-1",
            "region": "us-east-1",
            "security_group_id": "sg-0d0eda287472d94bd",
            "security_group_rule_id": "sgr-04afeb141cea6f091",
            "self": true,
            "source_security_group_id": null,
            "timeouts": null,
            "to_port": 0,
            "type": "ingress"
          },
          "sensitive_attributes": [],
          "identity_schema_version": 0,
          "private": "eyJlMmJmYjczMC1lY2FhLTExZTYtOGY4OC0zNDM2M2JjN2M0YzAiOnsiY3JlYXRlIjozMDAwMDAwMDAwMDB9LCJzY2hlbWFfdmVyc2lvbiI6IjIifQ==",
          "dependencies": [
            "module.security_groups.aws_security_group.master",
            "module.vpc.aws_vpc.k8s_vpc"
          ]
        }
      ]
    },
    {
      "module": "module.security_groups",
      "mode": "managed",
      "type": "aws_security_group_rule",
      "name": "master_ssh_from_bastion",
      "provider": "provider[\"registry.terraform.io/hashicorp/aws\"]",
      "instances": [
        {
          "schema_version": 2,
          "attributes": {
            "cidr_blocks": null,
            "description": "SSH access from bastion host",
            "from_port": 22,
            "id": "sgrule-3237723639",
            "ipv6_cidr_blocks": null,
            "prefix_list_ids": null,
            "protocol": "tcp",
            "region": "us-east-1",
            "security_group_id": "sg-0d0eda287472d94bd",
            "security_group_rule_id": "sgr-063c8f049005fdfc5",
            "self": false,
            "source_security_group_id": "sg-05daf7dc6cc3043f0",
            "timeouts": null,
            "to_port": 22,
            "type": "ingress"
          },
          "sensitive_attributes": [],
          "identity_schema_version": 0,
          "private": "eyJlMmJmYjczMC1lY2FhLTExZTYtOGY4OC0zNDM2M2JjN2M0YzAiOnsiY3JlYXRlIjozMDAwMDAwMDAwMDB9LCJzY2hlbWFfdmVyc2lvbiI6IjIifQ==",
          "dependencies": [
            "module.security_groups.aws_security_group.bastion-sg",
            "module.security_groups.aws_security_group.master",
            "module.vpc.aws_vpc.k8s_vpc"
          ]
        }
      ]
    },
    {
      "module": "module.security_groups",
      "mode": "managed",
      "type": "aws_security_group_rule",
      "name": "workers_icmp",
      "provider": "provider[\"registry.terraform.io/hashicorp/aws\"]",
      "instances": [
        {
          "schema_version": 2,
          "attributes": {
            "cidr_blocks": [
              "0.0.0.0/0"
            ],
            "description": "Open ICMP protocole from every where",
            "from_port": -1,
            "id": "sgrule-6361772",
            "ipv6_cidr_blocks": null,
            "prefix_list_ids": null,
            "protocol": "icmp",
            "region": "us-east-1",
            "security_group_id": "sg-0c3d221f95e9213b3",
            "security_group_rule_id": "sgr-0642de7b944e9d2f9",
            "self": false,
            "source_security_group_id": null,
            "timeouts": null,
            "to_port": -1,
            "type": "ingress"
          },
          "sensitive_attributes": [],
          "identity_schema_version": 0,
          "private": "eyJlMmJmYjczMC1lY2FhLTExZTYtOGY4OC0zNDM2M2JjN2M0YzAiOnsiY3JlYXRlIjozMDAwMDAwMDAwMDB9LCJzY2hlbWFfdmVyc2lvbiI6IjIifQ==",
          "dependencies": [
            "module.security_groups.aws_security_group.workers",
            "module.vpc.aws_vpc.k8s_vpc"
          ]
        }
      ]
    },
    {
      "module": "module.security_groups",
      "mode": "managed",
      "type": "aws_security_group_rule",
      "name": "workers_kubelet_from_master",
      "provider": "provider[\"registry.terraform.io/hashicorp/aws\"]",
      "instances": [
        {
          "schema_version": 2,
          "attributes": {
            "cidr_blocks": null,
            "description": "Kubelet API from master",
            "from_port": 10250,
            "id": "sgrule-2999186475",
            "ipv6_cidr_blocks": null,
            "prefix_list_ids": null,
            "protocol": "tcp",
            "region": "us-east-1",
            "security_group_id": "sg-0c3d221f95e9213b3",
            "security_group_rule_id": "sgr-0ff62ad7ed9583bef",
            "self": false,
            "source_security_group_id": "sg-0d0eda287472d94bd",
            "timeouts": null,
            "to_port": 10250,
            "type": "ingress"
          },
          "sensitive_attributes": [],
          "identity_schema_version": 0,
          "private": "eyJlMmJmYjczMC1lY2FhLTExZTYtOGY4OC0zNDM2M2JjN2M0YzAiOnsiY3JlYXRlIjozMDAwMDAwMDAwMDB9LCJzY2hlbWFfdmVyc2lvbiI6IjIifQ==",
          "dependencies": [
            "module.security_groups.aws_security_group.master",
            "module.security_groups.aws_security_group.workers",
            "module.vpc.aws_vpc.k8s_vpc"
          ]
        }
      ]
    },
    {
      "module": "module.security_groups",
      "mode": "managed",
      "type": "aws_security_group_rule",
      "name": "workers_kubeproxy_from_master",
      "provider": "provider[\"registry.terraform.io/hashicorp/aws\"]",
      "instances": [
        {
          "schema_version": 2,
          "attributes": {
            "cidr_blocks": null,
            "description": "kube-proxy from master",
            "from_port": 10256,
            "id": "sgrule-192156977",
            "ipv6_cidr_blocks": null,
            "prefix_list_ids": null,
            "protocol": "tcp",
            "region": "us-east-1",
            "security_group_id": "sg-0c3d221f95e9213b3",
            "security_group_rule_id": "sgr-0f27bec7b3f9c03eb",
            "self": false,
            "source_security_group_id": "sg-0d0eda287472d94bd",
            "timeouts": null,
            "to_port": 10256,
            "type": "ingress"
          },
          "sensitive_attributes": [],
          "identity_schema_version": 0,
          "private": "eyJlMmJmYjczMC1lY2FhLTExZTYtOGY4OC0zNDM2M2JjN2M0YzAiOnsiY3JlYXRlIjozMDAwMDAwMDAwMDB9LCJzY2hlbWFfdmVyc2lvbiI6IjIifQ==",
          "dependencies": [
            "module.security_groups.aws_security_group.master",
            "module.security_groups.aws_security_group.workers",
            "module.vpc.aws_vpc.k8s_vpc"
          ]
        }
      ]
    },
    {
      "module": "module.security_groups",
      "mode": "managed",
      "type": "aws_security_group_rule",
      "name": "workers_nodeport_tcp_from_clb",
      "provider": "provider[\"registry.terraform.io/hashicorp/aws\"]",
      "instances": [
        {
          "schema_version": 2,
          "attributes": {
            "cidr_blocks": null,
            "description": "NodePort Services TCP from CLB",
            "from_port": 30000,
            "id": "sgrule-4041180028",
            "ipv6_cidr_blocks": null,
            "prefix_list_ids": null,
            "protocol": "tcp",
            "region": "us-east-1",
            "security_group_id": "sg-0c3d221f95e9213b3",
            "security_group_rule_id": "sgr-0d4c4c8741a0efdf3",
            "self": false,
            "source_security_group_id": "sg-071aa356770d63f25",
            "timeouts": null,
            "to_port": 32767,
            "type": "ingress"
          },
          "sensitive_attributes": [],
          "identity_schema_version": 0,
          "private": "eyJlMmJmYjczMC1lY2FhLTExZTYtOGY4OC0zNDM2M2JjN2M0YzAiOnsiY3JlYXRlIjozMDAwMDAwMDAwMDB9LCJzY2hlbWFfdmVyc2lvbiI6IjIifQ==",
          "dependencies": [
            "module.security_groups.aws_security_group.clb",
            "module.security_groups.aws_security_group.workers",
            "module.vpc.aws_vpc.k8s_vpc"
          ]
        }
      ]
    },
    {
      "module": "module.security_groups",
      "mode": "managed",
      "type": "aws_security_group_rule",
      "name": "workers_nodeport_tcp_from_master",
      "provider": "provider[\"registry.terraform.io/hashicorp/aws\"]",
      "instances": [
        {
          "schema_version": 2,
          "attributes": {
            "cidr_blocks": null,
            "description": "NodePort Services TCP from master",
            "from_port": 30000,
            "id": "sgrule-1362014626",
            "ipv6_cidr_blocks": null,
            "prefix_list_ids": null,
            "protocol": "tcp",
            "region": "us-east-1",
            "security_group_id": "sg-0c3d221f95e9213b3",
            "security_group_rule_id": "sgr-0bcbb66cbd9b43937",
            "self": false,
            "source_security_group_id": "sg-0d0eda287472d94bd",
            "timeouts": null,
            "to_port": 32767,
            "type": "ingress"
          },
          "sensitive_attributes": [],
          "identity_schema_version": 0,
          "private": "eyJlMmJmYjczMC1lY2FhLTExZTYtOGY4OC0zNDM2M2JjN2M0YzAiOnsiY3JlYXRlIjozMDAwMDAwMDAwMDB9LCJzY2hlbWFfdmVyc2lvbiI6IjIifQ==",
          "dependencies": [
            "module.security_groups.aws_security_group.master",
            "module.security_groups.aws_security_group.workers",
            "module.vpc.aws_vpc.k8s_vpc"
          ]
        }
      ]
    },
    {
      "module": "module.security_groups",
      "mode": "managed",
      "type": "aws_security_group_rule",
      "name": "workers_nodeport_udp_from_master",
      "provider": "provider[\"registry.terraform.io/hashicorp/aws\"]",
      "instances": [
        {
          "schema_version": 2,
          "attributes": {
            "cidr_blocks": null,
            "description": "NodePort Services UDP from master",
            "from_port": 30000,
            "id": "sgrule-4117828173",
            "ipv6_cidr_blocks": null,
            "prefix_list_ids": null,
            "protocol": "udp",
            "region": "us-east-1",
            "security_group_id": "sg-0c3d221f95e9213b3",
            "security_group_rule_id": "sgr-0747cffc0dafb6bd8",
            "self": false,
            "source_security_group_id": "sg-0d0eda287472d94bd",
            "timeouts": null,
            "to_port": 32767,
            "type": "ingress"
          },
          "sensitive_attributes": [],
          "identity_schema_version": 0,
          "private": "eyJlMmJmYjczMC1lY2FhLTExZTYtOGY4OC0zNDM2M2JjN2M0YzAiOnsiY3JlYXRlIjozMDAwMDAwMDAwMDB9LCJzY2hlbWFfdmVyc2lvbiI6IjIifQ==",
          "dependencies": [
            "module.security_groups.aws_security_group.master",
            "module.security_groups.aws_security_group.workers",
            "module.vpc.aws_vpc.k8s_vpc"
          ]
        }
      ]
    },
    {
      "module": "module.security_groups",
      "mode": "managed",
      "type": "aws_security_group_rule",
      "name": "workers_self",
      "provider": "provider[\"registry.terraform.io/hashicorp/aws\"]",
      "instances": [
        {
          "schema_version": 2,
          "attributes": {
            "cidr_blocks": null,
            "description": "Allow all inbound traffic from workers security group",
            "from_port": 0,
            "id": "sgrule-2045135561",
            "ipv6_cidr_blocks": null,
            "prefix_list_ids": null,
            "protocol": "-1",
            "region": "us-east-1",
            "security_group_id": "sg-0c3d221f95e9213b3",
            "security_group_rule_id": "sgr-0758aa278d3ff9e22",
            "self": true,
            "source_security_group_id": null,
            "timeouts": null,
            "to_port": 0,
            "type": "ingress"
          },
          "sensitive_attributes": [],
          "identity_schema_version": 0,
          "private": "eyJlMmJmYjczMC1lY2FhLTExZTYtOGY4OC0zNDM2M2JjN2M0YzAiOnsiY3JlYXRlIjozMDAwMDAwMDAwMDB9LCJzY2hlbWFfdmVyc2lvbiI6IjIifQ==",
          "dependencies": [
            "module.security_groups.aws_security_group.workers",
            "module.vpc.aws_vpc.k8s_vpc"
          ]
        }
      ]
    },
    {
      "module": "module.security_groups",
      "mode": "managed",
      "type": "aws_security_group_rule",
      "name": "workers_ssh_from_bastion",
      "provider": "provider[\"registry.terraform.io/hashicorp/aws\"]",
      "instances": [
        {
          "schema_version": 2,
          "attributes": {
            "cidr_blocks": null,
            "description": "SSH access from bastion host",
            "from_port": 22,
            "id": "sgrule-2579249298",
            "ipv6_cidr_blocks": null,
            "prefix_list_ids": null,
            "protocol": "tcp",
            "region": "us-east-1",
            "security_group_id": "sg-0c3d221f95e9213b3",
            "security_group_rule_id": "sgr-00485193f4f16b74f",
            "self": false,
            "source_security_group_id": "sg-05daf7dc6cc3043f0",
            "timeouts": null,
            "to_port": 22,
            "type": "ingress"
          },
          "sensitive_attributes": [],
          "identity_schema_version": 0,
          "private": "eyJlMmJmYjczMC1lY2FhLTExZTYtOGY4OC0zNDM2M2JjN2M0YzAiOnsiY3JlYXRlIjozMDAwMDAwMDAwMDB9LCJzY2hlbWFfdmVyc2lvbiI6IjIifQ==",
          "dependencies": [
            "module.security_groups.aws_security_group.bastion-sg",
            "module.security_groups.aws_security_group.workers",
            "module.vpc.aws_vpc.k8s_vpc"
          ]
        }
      ]
    },
    {
      "module": "module.subnets",
      "mode": "managed",
      "type": "aws_subnet",
      "name": "private",
      "provider": "provider[\"registry.terraform.io/hashicorp/aws\"]",
      "instances": [
        {
          "schema_version": 1,
          "attributes": {
            "arn": "arn:aws:ec2:us-east-1:808407022124:subnet/subnet-066913c392fff5b8a",
            "assign_ipv6_address_on_creation": false,
            "availability_zone": "us-east-1a",
            "availability_zone_id": "use1-az1",
            "cidr_block": "192.168.20.0/24",
            "customer_owned_ipv4_pool": "",
            "enable_dns64": false,
            "enable_lni_at_device_index": 0,
            "enable_resource_name_dns_a_record_on_launch": false,
            "enable_resource_name_dns_aaaa_record_on_launch": false,
            "id": "subnet-066913c392fff5b8a",
            "ipv6_cidr_block": "",
            "ipv6_cidr_block_association_id": "",
            "ipv6_native": false,
            "map_customer_owned_ip_on_launch": false,
            "map_public_ip_on_launch": false,
            "outpost_arn": "",
            "owner_id": "808407022124",
            "private_dns_hostname_type_on_launch": "ip-name",
            "region": "us-east-1",
            "tags": {
              "Name": "private_subnet"
            },
            "tags_all": {
              "Name": "private_subnet"
            },
            "timeouts": null,
            "vpc_id": "vpc-076279cff8b6b1820"
          },
          "sensitive_attributes": [],
          "identity_schema_version": 0,
          "identity": {
            "account_id": "808407022124",
            "id": "subnet-066913c392fff5b8a",
            "region": "us-east-1"
          },
          "private": "eyJlMmJmYjczMC1lY2FhLTExZTYtOGY4OC0zNDM2M2JjN2M0YzAiOnsiY3JlYXRlIjo2MDAwMDAwMDAwMDAsImRlbGV0ZSI6MTIwMDAwMDAwMDAwMH0sInNjaGVtYV92ZXJzaW9uIjoiMSJ9",
          "dependencies": [
            "module.vpc.aws_vpc.k8s_vpc"
          ]
        }
      ]
    },
    {
      "module": "module.subnets",
      "mode": "managed",
      "type": "aws_subnet",
      "name": "public",
      "provider": "provider[\"registry.terraform.io/hashicorp/aws\"]",
      "instances": [
        {
          "schema_version": 1,
          "attributes": {
            "arn": "arn:aws:ec2:us-east-1:808407022124:subnet/subnet-07357a35dbc5c0319",
            "assign_ipv6_address_on_creation": false,
            "availability_zone": "us-east-1a",
            "availability_zone_id": "use1-az1",
            "cidr_block": "192.168.10.0/24",
            "customer_owned_ipv4_pool": "",
            "enable_dns64": false,
            "enable_lni_at_device_index": 0,
            "enable_resource_name_dns_a_record_on_launch": false,
            "enable_resource_name_dns_aaaa_record_on_launch": false,
            "id": "subnet-07357a35dbc5c0319",
            "ipv6_cidr_block": "",
            "ipv6_cidr_block_association_id": "",
            "ipv6_native": false,
            "map_customer_owned_ip_on_launch": false,
            "map_public_ip_on_launch": true,
            "outpost_arn": "",
            "owner_id": "808407022124",
            "private_dns_hostname_type_on_launch": "ip-name",
            "region": "us-east-1",
            "tags": {
              "Name": "public_subnet"
            },
            "tags_all": {
              "Name": "public_subnet"
            },
            "timeouts": null,
            "vpc_id": "vpc-076279cff8b6b1820"
          },
          "sensitive_attributes": [],
          "identity_schema_version": 0,
          "identity": {
            "account_id": "808407022124",
            "id": "subnet-07357a35dbc5c0319",
            "region": "us-east-1"
          },
          "private": "eyJlMmJmYjczMC1lY2FhLTExZTYtOGY4OC0zNDM2M2JjN2M0YzAiOnsiY3JlYXRlIjo2MDAwMDAwMDAwMDAsImRlbGV0ZSI6MTIwMDAwMDAwMDAwMH0sInNjaGVtYV92ZXJzaW9uIjoiMSJ9",
          "dependencies": [
            "module.vpc.aws_vpc.k8s_vpc"
          ]
        }
      ]
    },
    {
      "module": "module.vpc",
      "mode": "managed",
      "type": "aws_internet_gateway",
      "name": "k8s_igw",
      "provider": "provider[\"registry.terraform.io/hashicorp/aws\"]",
      "instances": [
        {
          "schema_version": 0,
          "attributes": {
            "arn": "arn:aws:ec2:us-east-1:808407022124:internet-gateway/igw-07619d7a6b1fa6cbd",
            "id": "igw-07619d7a6b1fa6cbd",
            "owner_id": "808407022124",
            "region": "us-east-1",
            "tags": {
              "Name": "k8s_igw"
            },
            "tags_all": {
              "Name": "k8s_igw"
            },
            "timeouts": null,
            "vpc_id": "vpc-076279cff8b6b1820"
          },
          "sensitive_attributes": [],
          "identity_schema_version": 0,
          "private": "eyJlMmJmYjczMC1lY2FhLTExZTYtOGY4OC0zNDM2M2JjN2M0YzAiOnsiY3JlYXRlIjoxMjAwMDAwMDAwMDAwLCJkZWxldGUiOjEyMDAwMDAwMDAwMDAsInVwZGF0ZSI6MTIwMDAwMDAwMDAwMH19",
          "dependencies": [
            "module.vpc.aws_vpc.k8s_vpc"
          ]
        }
      ]
    },
    {
      "module": "module.vpc",
      "mode": "managed",
      "type": "aws_vpc",
      "name": "k8s_vpc",
      "provider": "provider[\"registry.terraform.io/hashicorp/aws\"]",
      "instances": [
        {
          "schema_version": 1,
          "attributes": {
            "arn": "arn:aws:ec2:us-east-1:808407022124:vpc/vpc-076279cff8b6b1820",
            "assign_generated_ipv6_cidr_block": false,
            "cidr_block": "192.168.0.0/16",
            "default_network_acl_id": "acl-085f8edf56419f58a",
            "default_route_table_id": "rtb-0dc2a2868aa1f3152",
            "default_security_group_id": "sg-0dc6565f97c2c00f6",
            "dhcp_options_id": "dopt-03f40977464c6d63f",
            "enable_dns_hostnames": true,
            "enable_dns_support": true,
            "enable_network_address_usage_metrics": false,
            "id": "vpc-076279cff8b6b1820",
            "instance_tenancy": "default",
            "ipv4_ipam_pool_id": null,
            "ipv4_netmask_length": null,
            "ipv6_association_id": "",
            "ipv6_cidr_block": "",
            "ipv6_cidr_block_network_border_group": "",
            "ipv6_ipam_pool_id": "",
            "ipv6_netmask_length": 0,
            "main_route_table_id": "rtb-0dc2a2868aa1f3152",
            "owner_id": "808407022124",
            "region": "us-east-1",
            "tags": {
              "Name": "k8s_vpc"
            },
            "tags_all": {
              "Name": "k8s_vpc"
            }
          },
          "sensitive_attributes": [],
          "identity_schema_version": 0,
          "identity": {
            "account_id": "808407022124",
            "id": "vpc-076279cff8b6b1820",
            "region": "us-east-1"
          },
          "private": "eyJzY2hlbWFfdmVyc2lvbiI6IjEifQ=="
        }
      ]
    }
  ],
  "check_results": null
}
